// !$*UTF8*$!
{
	archiveVersion = 1;
	classes = {
	};
	objectVersion = 52;
	objects = {

/* Begin PBXBuildFile section */
		D202208222D4F4D400302756 /* NamedID.swift in Sources */ = {isa = PBXBuildFile; fileRef = D202208122D4F4D400302756 /* NamedID.swift */; };
		D202208422D4F50100302756 /* Thread.swift in Sources */ = {isa = PBXBuildFile; fileRef = D202208322D4F50100302756 /* Thread.swift */; };
		D21587272354AD1300BBA8C5 /* LoadingTableViewCell.swift in Sources */ = {isa = PBXBuildFile; fileRef = D21587262354AD1300BBA8C5 /* LoadingTableViewCell.swift */; };
		D216640D2338EF8400C6D2EE /* OciFunctions.swift in Sources */ = {isa = PBXBuildFile; fileRef = D216640C2338EF8400C6D2EE /* OciFunctions.swift */; };
		D216640F2338FD7900C6D2EE /* OciArRequests.swift in Sources */ = {isa = PBXBuildFile; fileRef = D216640E2338FD7900C6D2EE /* OciArRequests.swift */; };
		D2166411233965FF00C6D2EE /* FIleAttachment.swift in Sources */ = {isa = PBXBuildFile; fileRef = D2166410233965FF00C6D2EE /* FIleAttachment.swift */; };
		D21664132339982200C6D2EE /* RoqlQuery.swift in Sources */ = {isa = PBXBuildFile; fileRef = D21664122339982200C6D2EE /* RoqlQuery.swift */; };
		D2168714233563320046E598 /* OciBroker.swift in Sources */ = {isa = PBXBuildFile; fileRef = D2168713233563320046E598 /* OciBroker.swift */; };
		D218795B21C16C0400737BA2 /* ARPoint.swift in Sources */ = {isa = PBXBuildFile; fileRef = D218795A21C16C0400737BA2 /* ARPoint.swift */; };
		D218795D21C16C6B00737BA2 /* ARRect.swift in Sources */ = {isa = PBXBuildFile; fileRef = D218795C21C16C6B00737BA2 /* ARRect.swift */; };
		D219899F2348141E009DBC71 /* AppEvents.xcdatamodeld in Sources */ = {isa = PBXBuildFile; fileRef = D2C07AF6228214850049D5F1 /* AppEvents.xcdatamodeld */; };
		D21A09BF222D5A7600ADBF10 /* ActivityOverlay.storyboard in Resources */ = {isa = PBXBuildFile; fileRef = D21A09BE222D5A7600ADBF10 /* ActivityOverlay.storyboard */; };
		D21A09C2222D5B3D00ADBF10 /* PDF.storyboard in Resources */ = {isa = PBXBuildFile; fileRef = D21A09C1222D5B3D00ADBF10 /* PDF.storyboard */; };
		D21A09C4222D5BF200ADBF10 /* Charts.storyboard in Resources */ = {isa = PBXBuildFile; fileRef = D21A09C3222D5BF200ADBF10 /* Charts.storyboard */; };
		D21A09C6222D5CA900ADBF10 /* Knowledgebase.storyboard in Resources */ = {isa = PBXBuildFile; fileRef = D21A09C5222D5CA900ADBF10 /* Knowledgebase.storyboard */; };
		D21A09C8222D5D1E00ADBF10 /* ServiceRequest.storyboard in Resources */ = {isa = PBXBuildFile; fileRef = D21A09C7222D5D1E00ADBF10 /* ServiceRequest.storyboard */; };
		D21A493A21469B500010F545 /* LICENSE.txt in Resources */ = {isa = PBXBuildFile; fileRef = D21A493921469B500010F545 /* LICENSE.txt */; };
		D21DA4452122488600AB9E19 /* ServiceRequestSplitViewController.swift in Sources */ = {isa = PBXBuildFile; fileRef = D21DA4442122488600AB9E19 /* ServiceRequestSplitViewController.swift */; };
		D21DA4472122499700AB9E19 /* ServiceRequestTableViewController.swift in Sources */ = {isa = PBXBuildFile; fileRef = D21DA4462122499700AB9E19 /* ServiceRequestTableViewController.swift */; };
		D21DA449212249AB00AB9E19 /* ServiceRequestDetailsViewController.swift in Sources */ = {isa = PBXBuildFile; fileRef = D21DA448212249AB00AB9E19 /* ServiceRequestDetailsViewController.swift */; };
		D21DA44B21224B8C00AB9E19 /* ServiceRequestNavigationController.swift in Sources */ = {isa = PBXBuildFile; fileRef = D21DA44A21224B8C00AB9E19 /* ServiceRequestNavigationController.swift */; };
		D227380D2163E178002466B5 /* SCNNode+Highlighted.swift in Sources */ = {isa = PBXBuildFile; fileRef = D227380C2163E178002466B5 /* SCNNode+Highlighted.swift */; };
		D227380F2163E1DB002466B5 /* UIAlertController+Image.swift in Sources */ = {isa = PBXBuildFile; fileRef = D227380E2163E1DB002466B5 /* UIAlertController+Image.swift */; };
		D22738112163EEF7002466B5 /* UIImage+Scale.swift in Sources */ = {isa = PBXBuildFile; fileRef = D22738102163EEF7002466B5 /* UIImage+Scale.swift */; };
		D22B28EA219BA561006BDD34 /* LineChartTableViewCell.swift in Sources */ = {isa = PBXBuildFile; fileRef = D22B28E9219BA561006BDD34 /* LineChartTableViewCell.swift */; };
		D22B7FFC2124781A004DFD76 /* LineChartViewController.swift in Sources */ = {isa = PBXBuildFile; fileRef = D22B7FFB2124781A004DFD76 /* LineChartViewController.swift */; };
		D22B7FFF212489EF004DFD76 /* OverlayControllerDelegate.swift in Sources */ = {isa = PBXBuildFile; fileRef = D22B7FFE212489EF004DFD76 /* OverlayControllerDelegate.swift */; };
		D22B800121248B3D004DFD76 /* OverlayViewController.swift in Sources */ = {isa = PBXBuildFile; fileRef = D22B800021248B3D004DFD76 /* OverlayViewController.swift */; };
		D232196E2232A815004C950D /* String+Base64Encoding.swift in Sources */ = {isa = PBXBuildFile; fileRef = D232196D2232A815004C950D /* String+Base64Encoding.swift */; };
		D234D8B02110DFDE00D8CE61 /* ImagePlacementScene.sks in Resources */ = {isa = PBXBuildFile; fileRef = D234D8AF2110DFDE00D8CE61 /* ImagePlacementScene.sks */; };
		D2353834218371BE007C6501 /* LineNodeTechnique.plist in Resources */ = {isa = PBXBuildFile; fileRef = D2353833218371BE007C6501 /* LineNodeTechnique.plist */; };
		D2393CDC216CD7C9005BBF8A /* StraightArrowScene.sks in Resources */ = {isa = PBXBuildFile; fileRef = D2393CDB216CD7C9005BBF8A /* StraightArrowScene.sks */; };
		D2393CDE216CD7D9005BBF8A /* RotateArrowScene.sks in Resources */ = {isa = PBXBuildFile; fileRef = D2393CDD216CD7D9005BBF8A /* RotateArrowScene.sks */; };
		D2393CE0216CEA95005BBF8A /* PlaneScene.swift in Sources */ = {isa = PBXBuildFile; fileRef = D2393CDF216CEA95005BBF8A /* PlaneScene.swift */; };
		D2457D8623400355008EA5B2 /* RemoteIntegrationBrokerProtocol.swift in Sources */ = {isa = PBXBuildFile; fileRef = D24D765F22DD0DEA0033E127 /* RemoteIntegrationBrokerProtocol.swift */; };
		D24788B121664C4F005C642E /* ARProcedure.swift in Sources */ = {isa = PBXBuildFile; fileRef = D24788B021664C4F005C642E /* ARProcedure.swift */; };
		D253C38D216F7B7500FDFE70 /* ContextViewControllerProtocol.swift in Sources */ = {isa = PBXBuildFile; fileRef = D253C38C216F7B7500FDFE70 /* ContextViewControllerProtocol.swift */; };
		D253C390216F7D3200FDFE70 /* ApplicationButtonsViewController.swift in Sources */ = {isa = PBXBuildFile; fileRef = D253C38F216F7D3200FDFE70 /* ApplicationButtonsViewController.swift */; };
		D253C394216F7DD000FDFE70 /* ApplicationButtonContext.storyboard in Resources */ = {isa = PBXBuildFile; fileRef = D253C393216F7DD000FDFE70 /* ApplicationButtonContext.storyboard */; };
		D255F52023706F6600BE9C4C /* fa-regular-400.ttf in Resources */ = {isa = PBXBuildFile; fileRef = D255F51D23706F6600BE9C4C /* fa-regular-400.ttf */; };
		D255F52123706F6600BE9C4C /* fa-solid-900.ttf in Resources */ = {isa = PBXBuildFile; fileRef = D255F51E23706F6600BE9C4C /* fa-solid-900.ttf */; };
		D255F52223706F6600BE9C4C /* fa-brands-400.ttf in Resources */ = {isa = PBXBuildFile; fileRef = D255F51F23706F6600BE9C4C /* fa-brands-400.ttf */; };
		D258241E2356581600C436FB /* XMLParsing in Frameworks */ = {isa = PBXBuildFile; productRef = D258241D2356581600C436FB /* XMLParsing */; };
		D25B3AD6234E78B5002B25F8 /* FontAwesome.swift in Sources */ = {isa = PBXBuildFile; fileRef = D25B3AD5234E78B5002B25F8 /* FontAwesome.swift */; };
		D25B3ADA234EAFA5002B25F8 /* UIButton+RoundRect.swift in Sources */ = {isa = PBXBuildFile; fileRef = D25B3AD9234EAFA5002B25F8 /* UIButton+RoundRect.swift */; };
		D25DCF4622D4E6150030DB64 /* ServiceCloudFileAttachment.swift in Sources */ = {isa = PBXBuildFile; fileRef = D25DCF4522D4E6150030DB64 /* ServiceCloudFileAttachment.swift */; };
		D261715A2347B7B0009ACE91 /* OverlayNavigationController.swift in Sources */ = {isa = PBXBuildFile; fileRef = D26171592347B7B0009ACE91 /* OverlayNavigationController.swift */; };
		D261719B2347D941009ACE91 /* UInt32+Hexstring.swift in Sources */ = {isa = PBXBuildFile; fileRef = D261719A2347D941009ACE91 /* UInt32+Hexstring.swift */; };
		D261719D2347DAB4009ACE91 /* String+UnicodeCharacter.swift in Sources */ = {isa = PBXBuildFile; fileRef = D261719C2347DAB4009ACE91 /* String+UnicodeCharacter.swift */; };
		D26A52AB21932ADB00D21B8B /* SCNAction+Animations.swift in Sources */ = {isa = PBXBuildFile; fileRef = D26A52AA21932ADB00D21B8B /* SCNAction+Animations.swift */; };
		D26E4B17216EAA010010776E /* NodeContextHeaderTableViewCell.swift in Sources */ = {isa = PBXBuildFile; fileRef = D26E4B16216EAA010010776E /* NodeContextHeaderTableViewCell.swift */; };
		D274D328219491FC00DBBF8F /* String+Bool.swift in Sources */ = {isa = PBXBuildFile; fileRef = D274D327219491FC00DBBF8F /* String+Bool.swift */; };
		D27918E021B70FBF00171F10 /* ARSensor.swift in Sources */ = {isa = PBXBuildFile; fileRef = D27918DF21B70FBF00171F10 /* ARSensor.swift */; };
		D27918E221B7109000171F10 /* ARVector.swift in Sources */ = {isa = PBXBuildFile; fileRef = D27918E121B7109000171F10 /* ARVector.swift */; };
		D27A73392113530D00D762EF /* Settings.bundle in Resources */ = {isa = PBXBuildFile; fileRef = D27A73382113530D00D762EF /* Settings.bundle */; };
		D280DEC322D3D04700449BA9 /* Incident.swift in Sources */ = {isa = PBXBuildFile; fileRef = D280DEC222D3D04700449BA9 /* Incident.swift */; };
		D2834259212B011C008FEDA4 /* ActivityOverlayViewController.swift in Sources */ = {isa = PBXBuildFile; fileRef = D2834258212B011C008FEDA4 /* ActivityOverlayViewController.swift */; };
		D283425D212B4820008FEDA4 /* ServiceRequestDetailsNavigationViewController.swift in Sources */ = {isa = PBXBuildFile; fileRef = D283425C212B4820008FEDA4 /* ServiceRequestDetailsNavigationViewController.swift */; };
		D28439652318049D00A16DC0 /* Codeable.swift in Sources */ = {isa = PBXBuildFile; fileRef = D28439642318049D00A16DC0 /* Codeable.swift */; };
		D28866C321CD29CA00828CA4 /* ImagesTableViewCell.swift in Sources */ = {isa = PBXBuildFile; fileRef = D28866C221CD29CA00828CA4 /* ImagesTableViewCell.swift */; };
		D28866C721CD29F000828CA4 /* NodeImagePageViewOverlayController.swift in Sources */ = {isa = PBXBuildFile; fileRef = D28866C521CD29F000828CA4 /* NodeImagePageViewOverlayController.swift */; };
		D28866C821CD29F000828CA4 /* NodeImage.storyboard in Resources */ = {isa = PBXBuildFile; fileRef = D28866C621CD29F000828CA4 /* NodeImage.storyboard */; };
		D28B6E96212360E600307891 /* KnowledgebaseViewController.swift in Sources */ = {isa = PBXBuildFile; fileRef = D28B6E95212360E600307891 /* KnowledgebaseViewController.swift */; };
		D28E03E8215082C1002ED340 /* Procedures.storyboard in Resources */ = {isa = PBXBuildFile; fileRef = D28E03E7215082C1002ED340 /* Procedures.storyboard */; };
		D28E03EE2150869A002ED340 /* ProceduresViewController.swift in Sources */ = {isa = PBXBuildFile; fileRef = D28E03ED2150869A002ED340 /* ProceduresViewController.swift */; };
		D28E03F02150AB38002ED340 /* ProceduresView.swift in Sources */ = {isa = PBXBuildFile; fileRef = D28E03EF2150AB38002ED340 /* ProceduresView.swift */; };
		D28FE84421542E8300C407F8 /* String+Capitalization.swift in Sources */ = {isa = PBXBuildFile; fileRef = D28FE84321542E8300C407F8 /* String+Capitalization.swift */; };
		D29266AC2211B48800B4814A /* Infinity.swift in Sources */ = {isa = PBXBuildFile; fileRef = D29266AB2211B48800B4814A /* Infinity.swift */; };
		D29266AE2211C05800B4814A /* CXInfinityBroker.swift in Sources */ = {isa = PBXBuildFile; fileRef = D29266AD2211C05800B4814A /* CXInfinityBroker.swift */; };
		D293888B20FD1A5C0086FA4D /* Configs.swift in Sources */ = {isa = PBXBuildFile; fileRef = D293888A20FD1A5C0086FA4D /* Configs.swift */; };
		D293889120FE238B0086FA4D /* IoT.swift in Sources */ = {isa = PBXBuildFile; fileRef = D293889020FE238B0086FA4D /* IoT.swift */; };
		D293889320FE49890086FA4D /* ServiceRequest.swift in Sources */ = {isa = PBXBuildFile; fileRef = D293889220FE49890086FA4D /* ServiceRequest.swift */; };
		D2986A9D2125E8D0003057D7 /* CreateServiceRequestViewController.swift in Sources */ = {isa = PBXBuildFile; fileRef = D2986A9C2125E8D0003057D7 /* CreateServiceRequestViewController.swift */; };
		D2A0472A2253CF440033DC84 /* UIViewController+AppEvent.swift in Sources */ = {isa = PBXBuildFile; fileRef = D2A047292253CF440033DC84 /* UIViewController+AppEvent.swift */; };
		D2A09AF8233417FF00B9ECE0 /* ARDeviceActionMapping.swift in Sources */ = {isa = PBXBuildFile; fileRef = D2A09AF7233417FF00B9ECE0 /* ARDeviceActionMapping.swift */; };
		D2A3AF4422788986000A1393 /* help.storyboard in Resources */ = {isa = PBXBuildFile; fileRef = D2A3AF4322788986000A1393 /* help.storyboard */; };
		D2A3AF4622788A02000A1393 /* HelpViewController.swift in Sources */ = {isa = PBXBuildFile; fileRef = D2A3AF4522788A02000A1393 /* HelpViewController.swift */; };
		D2A3AF49227896BC000A1393 /* help.html in Resources */ = {isa = PBXBuildFile; fileRef = D2A3AF48227896BC000A1393 /* help.html */; };
		D2A48BDE216B8CD000A3B9D3 /* ARAnimation.swift in Sources */ = {isa = PBXBuildFile; fileRef = D2A48BDD216B8CD000A3B9D3 /* ARAnimation.swift */; };
		D2AB9A8C2165042F00149830 /* AllButtonsTableViewCell.swift in Sources */ = {isa = PBXBuildFile; fileRef = D2AB9A8B2165042F00149830 /* AllButtonsTableViewCell.swift */; };
		D2B714A32122094500FF9AD3 /* ModelHelpScene.sks in Resources */ = {isa = PBXBuildFile; fileRef = D2B714A22122094500FF9AD3 /* ModelHelpScene.sks */; };
		D2B714A521220EBB00FF9AD3 /* ModelPartsHelpScene.sks in Resources */ = {isa = PBXBuildFile; fileRef = D2B714A421220EBB00FF9AD3 /* ModelPartsHelpScene.sks */; };
		D2BA2A3C20F3C86300EF1739 /* AppDelegate.swift in Sources */ = {isa = PBXBuildFile; fileRef = D2BA2A3B20F3C86300EF1739 /* AppDelegate.swift */; };
		D2BA2A4020F3C86300EF1739 /* ARViewController.swift in Sources */ = {isa = PBXBuildFile; fileRef = D2BA2A3F20F3C86300EF1739 /* ARViewController.swift */; };
		D2BA2A4320F3C86300EF1739 /* Main.storyboard in Resources */ = {isa = PBXBuildFile; fileRef = D2BA2A4120F3C86300EF1739 /* Main.storyboard */; };
		D2BA2A4520F3C86400EF1739 /* Assets.xcassets in Resources */ = {isa = PBXBuildFile; fileRef = D2BA2A4420F3C86400EF1739 /* Assets.xcassets */; };
		D2BA2A4820F3C86400EF1739 /* LaunchScreen.storyboard in Resources */ = {isa = PBXBuildFile; fileRef = D2BA2A4620F3C86400EF1739 /* LaunchScreen.storyboard */; };
		D2C060C32141B4FB0048BEC7 /* SensorBalloonMarker.swift in Sources */ = {isa = PBXBuildFile; fileRef = D2C060C22141B4FB0048BEC7 /* SensorBalloonMarker.swift */; };
		D2C07AF9228214850049D5F1 /* AppEventRecorder.swift in Sources */ = {isa = PBXBuildFile; fileRef = D2C07AF5228214850049D5F1 /* AppEventRecorder.swift */; };
		D2C07AFB228214850049D5F1 /* AppEventSender.swift in Sources */ = {isa = PBXBuildFile; fileRef = D2C07AF8228214850049D5F1 /* AppEventSender.swift */; };
		D2C4AD8A214AF81700025B84 /* NodeContext.storyboard in Resources */ = {isa = PBXBuildFile; fileRef = D2C4AD89214AF81700025B84 /* NodeContext.storyboard */; };
		D2C4AD8C214AF99200025B84 /* NodeContextViewController.swift in Sources */ = {isa = PBXBuildFile; fileRef = D2C4AD8B214AF99200025B84 /* NodeContextViewController.swift */; };
		D2C4AD98214BFE3500025B84 /* ARNodeContext.swift in Sources */ = {isa = PBXBuildFile; fileRef = D2C4AD97214BFE3500025B84 /* ARNodeContext.swift */; };
		D2C4AD9A214C31F600025B84 /* Answer.swift in Sources */ = {isa = PBXBuildFile; fileRef = D2C4AD99214C31F600025B84 /* Answer.swift */; };
		D2CEBFDF21C4188E00B8730C /* SKScene+Video.swift in Sources */ = {isa = PBXBuildFile; fileRef = D2CEBFDE21C4188E00B8730C /* SKScene+Video.swift */; };
		D2D254F5223006BC004F70BB /* Note.swift in Sources */ = {isa = PBXBuildFile; fileRef = D2D254F4223006BC004F70BB /* Note.swift */; };
		D2D254F822304EC3004F70BB /* Notes.storyboard in Resources */ = {isa = PBXBuildFile; fileRef = D2D254F722304EC3004F70BB /* Notes.storyboard */; };
		D2D254FA22304F02004F70BB /* NotesSplitViewController.swift in Sources */ = {isa = PBXBuildFile; fileRef = D2D254F922304F02004F70BB /* NotesSplitViewController.swift */; };
		D2D254FE22304F3C004F70BB /* NotesTableViewController.swift in Sources */ = {isa = PBXBuildFile; fileRef = D2D254FD22304F3C004F70BB /* NotesTableViewController.swift */; };
		D2D2550022304F67004F70BB /* NoteViewController.swift in Sources */ = {isa = PBXBuildFile; fileRef = D2D254FF22304F67004F70BB /* NoteViewController.swift */; };
		D2D2550222304F75004F70BB /* CreateNoteViewController.swift in Sources */ = {isa = PBXBuildFile; fileRef = D2D2550122304F75004F70BB /* CreateNoteViewController.swift */; };
		D2D2550422305094004F70BB /* OverlaySplitViewController.swift in Sources */ = {isa = PBXBuildFile; fileRef = D2D2550322305094004F70BB /* OverlaySplitViewController.swift */; };
		D2D25506223050A6004F70BB /* OverlayPageViewController.swift in Sources */ = {isa = PBXBuildFile; fileRef = D2D25505223050A6004F70BB /* OverlayPageViewController.swift */; };
		D2D2550822306D48004F70BB /* ARNodeDetail.swift in Sources */ = {isa = PBXBuildFile; fileRef = D2D2550722306D48004F70BB /* ARNodeDetail.swift */; };
		D2D2550A223190C5004F70BB /* NotesDetailsNavigationViewController.swift in Sources */ = {isa = PBXBuildFile; fileRef = D2D25509223190C5004F70BB /* NotesDetailsNavigationViewController.swift */; };
		D2D2550C2231A6CA004F70BB /* NotesMasterNavigationViewController.swift in Sources */ = {isa = PBXBuildFile; fileRef = D2D2550B2231A6CA004F70BB /* NotesMasterNavigationViewController.swift */; };
		D2DFFCF2212D8F510057C642 /* TapTheModelScene.sks in Resources */ = {isa = PBXBuildFile; fileRef = D2DFFCF1212D8F510057C642 /* TapTheModelScene.sks */; };
		D2DFFCF5212DA84D0057C642 /* SCNNode+NonSensorNodes.swift in Sources */ = {isa = PBXBuildFile; fileRef = D2DFFCF4212DA84D0057C642 /* SCNNode+NonSensorNodes.swift */; };
		D2DFFCF8212DA8A30057C642 /* NodeRender.metal in Sources */ = {isa = PBXBuildFile; fileRef = D2DFFCF7212DA8A30057C642 /* NodeRender.metal */; };
		D2DFFCFA212DA8ED0057C642 /* BlurNodeTechnique.plist in Resources */ = {isa = PBXBuildFile; fileRef = D2DFFCF9212DA8ED0057C642 /* BlurNodeTechnique.plist */; };
		D2E2064421FCAAEE001522F0 /* THIRD_PARTY_LICENSES.txt in Resources */ = {isa = PBXBuildFile; fileRef = D2E2064321FCAAEE001522F0 /* THIRD_PARTY_LICENSES.txt */; };
		D2E6054821681A730045722E /* Integer+Radians.swift in Sources */ = {isa = PBXBuildFile; fileRef = D2E6054721681A730045722E /* Integer+Radians.swift */; };
		D2E6054A21681AAC0045722E /* Float+Radians.swift in Sources */ = {isa = PBXBuildFile; fileRef = D2E6054921681AAC0045722E /* Float+Radians.swift */; };
		D2EA4D5422CFA84500920E9F /* ARRecognitionToDeviceMapping.swift in Sources */ = {isa = PBXBuildFile; fileRef = D2EA4D5322CFA84500920E9F /* ARRecognitionToDeviceMapping.swift */; };
		D2EA6302217E0FA8002113AC /* ContextImage.swift in Sources */ = {isa = PBXBuildFile; fileRef = D2EA6301217E0FA8002113AC /* ContextImage.swift */; };
		D2EAC34621C00BB4000EF9FE /* ARRecognitionContext.swift in Sources */ = {isa = PBXBuildFile; fileRef = D2EAC34521C00BB4000EF9FE /* ARRecognitionContext.swift */; };
		D2EC694A235670540002221C /* OciRequestSigner in Frameworks */ = {isa = PBXBuildFile; productRef = D2EC6949235670540002221C /* OciRequestSigner */; };
		D2EC694D235670810002221C /* Charts in Frameworks */ = {isa = PBXBuildFile; productRef = D2EC694C235670810002221C /* Charts */; };
		D2F1737E2232D70300617DC5 /* AppServerConfigs.swift in Sources */ = {isa = PBXBuildFile; fileRef = D2F1737D2232D70300617DC5 /* AppServerConfigs.swift */; };
		D2F384692239EDD60093CD9C /* IntegrationBroker.swift in Sources */ = {isa = PBXBuildFile; fileRef = D2F384672239EDD60093CD9C /* IntegrationBroker.swift */; };
		D2F5F83523747A4200CB1232 /* art.scnassets in Resources */ = {isa = PBXBuildFile; fileRef = D2F5F83423747A4200CB1232 /* art.scnassets */; };
		D2F87B8E215C0C550069AC5A /* PDFViewController.swift in Sources */ = {isa = PBXBuildFile; fileRef = D2F87B8D215C0C550069AC5A /* PDFViewController.swift */; };
		D2F8B338233BB9F400F6EC7B /* OCIBrokerTests.swift in Sources */ = {isa = PBXBuildFile; fileRef = D2F8B337233BB9F400F6EC7B /* OCIBrokerTests.swift */; };
		D2FB6A992269FD1500AAA2E5 /* UIBarButtonItem+AppEvent.swift in Sources */ = {isa = PBXBuildFile; fileRef = D2FB6A982269FD1500AAA2E5 /* UIBarButtonItem+AppEvent.swift */; };
		D2FB6A9B2269FD2800AAA2E5 /* UIButton+AppEvent.swift in Sources */ = {isa = PBXBuildFile; fileRef = D2FB6A9A2269FD2800AAA2E5 /* UIButton+AppEvent.swift */; };
		D2FB6AA0226A472D00AAA2E5 /* Error+Log.swift in Sources */ = {isa = PBXBuildFile; fileRef = D2FB6A9F226A472D00AAA2E5 /* Error+Log.swift */; };
		D2FD23F2215E639D0010DE81 /* Generic.swift in Sources */ = {isa = PBXBuildFile; fileRef = D2FD23F1215E639D0010DE81 /* Generic.swift */; };
/* End PBXBuildFile section */

/* Begin PBXContainerItemProxy section */
		D2F8B332233BB9AA00F6EC7B /* PBXContainerItemProxy */ = {
			isa = PBXContainerItemProxy;
			containerPortal = D2BA2A3020F3C86300EF1739 /* Project object */;
			proxyType = 1;
			remoteGlobalIDString = D2BA2A3720F3C86300EF1739;
			remoteInfo = "Augmented CX";
		};
/* End PBXContainerItemProxy section */

/* Begin PBXCopyFilesBuildPhase section */
		D25B3AE0234F950C002B25F8 /* Embed Frameworks */ = {
			isa = PBXCopyFilesBuildPhase;
			buildActionMask = 2147483647;
			dstPath = "";
			dstSubfolderSpec = 10;
			files = (
			);
			name = "Embed Frameworks";
			runOnlyForDeploymentPostprocessing = 0;
		};
/* End PBXCopyFilesBuildPhase section */

/* Begin PBXFileReference section */
		D202208122D4F4D400302756 /* NamedID.swift */ = {isa = PBXFileReference; lastKnownFileType = sourcecode.swift; path = NamedID.swift; sourceTree = "<group>"; };
		D202208322D4F50100302756 /* Thread.swift */ = {isa = PBXFileReference; lastKnownFileType = sourcecode.swift; path = Thread.swift; sourceTree = "<group>"; };
		D21587262354AD1300BBA8C5 /* LoadingTableViewCell.swift */ = {isa = PBXFileReference; lastKnownFileType = sourcecode.swift; path = LoadingTableViewCell.swift; sourceTree = "<group>"; };
		D216640C2338EF8400C6D2EE /* OciFunctions.swift */ = {isa = PBXFileReference; lastKnownFileType = sourcecode.swift; path = OciFunctions.swift; sourceTree = "<group>"; };
		D216640E2338FD7900C6D2EE /* OciArRequests.swift */ = {isa = PBXFileReference; lastKnownFileType = sourcecode.swift; path = OciArRequests.swift; sourceTree = "<group>"; };
		D2166410233965FF00C6D2EE /* FIleAttachment.swift */ = {isa = PBXFileReference; lastKnownFileType = sourcecode.swift; path = FIleAttachment.swift; sourceTree = "<group>"; };
		D21664122339982200C6D2EE /* RoqlQuery.swift */ = {isa = PBXFileReference; lastKnownFileType = sourcecode.swift; path = RoqlQuery.swift; sourceTree = "<group>"; };
		D2168713233563320046E598 /* OciBroker.swift */ = {isa = PBXFileReference; lastKnownFileType = sourcecode.swift; path = OciBroker.swift; sourceTree = "<group>"; };
		D218795A21C16C0400737BA2 /* ARPoint.swift */ = {isa = PBXFileReference; lastKnownFileType = sourcecode.swift; path = ARPoint.swift; sourceTree = "<group>"; };
		D218795C21C16C6B00737BA2 /* ARRect.swift */ = {isa = PBXFileReference; lastKnownFileType = sourcecode.swift; path = ARRect.swift; sourceTree = "<group>"; };
		D21A09BE222D5A7600ADBF10 /* ActivityOverlay.storyboard */ = {isa = PBXFileReference; lastKnownFileType = file.storyboard; path = ActivityOverlay.storyboard; sourceTree = "<group>"; };
		D21A09C1222D5B3D00ADBF10 /* PDF.storyboard */ = {isa = PBXFileReference; lastKnownFileType = file.storyboard; path = PDF.storyboard; sourceTree = "<group>"; };
		D21A09C3222D5BF200ADBF10 /* Charts.storyboard */ = {isa = PBXFileReference; lastKnownFileType = file.storyboard; path = Charts.storyboard; sourceTree = "<group>"; };
		D21A09C5222D5CA900ADBF10 /* Knowledgebase.storyboard */ = {isa = PBXFileReference; lastKnownFileType = file.storyboard; path = Knowledgebase.storyboard; sourceTree = "<group>"; };
		D21A09C7222D5D1E00ADBF10 /* ServiceRequest.storyboard */ = {isa = PBXFileReference; lastKnownFileType = file.storyboard; path = ServiceRequest.storyboard; sourceTree = "<group>"; };
		D21A493921469B500010F545 /* LICENSE.txt */ = {isa = PBXFileReference; lastKnownFileType = text; path = LICENSE.txt; sourceTree = "<group>"; };
		D21A493B21469B620010F545 /* README.md */ = {isa = PBXFileReference; lastKnownFileType = net.daringfireball.markdown; path = README.md; sourceTree = "<group>"; };
		D21DA4442122488600AB9E19 /* ServiceRequestSplitViewController.swift */ = {isa = PBXFileReference; lastKnownFileType = sourcecode.swift; path = ServiceRequestSplitViewController.swift; sourceTree = "<group>"; };
		D21DA4462122499700AB9E19 /* ServiceRequestTableViewController.swift */ = {isa = PBXFileReference; lastKnownFileType = sourcecode.swift; path = ServiceRequestTableViewController.swift; sourceTree = "<group>"; };
		D21DA448212249AB00AB9E19 /* ServiceRequestDetailsViewController.swift */ = {isa = PBXFileReference; lastKnownFileType = sourcecode.swift; path = ServiceRequestDetailsViewController.swift; sourceTree = "<group>"; };
		D21DA44A21224B8C00AB9E19 /* ServiceRequestNavigationController.swift */ = {isa = PBXFileReference; lastKnownFileType = sourcecode.swift; path = ServiceRequestNavigationController.swift; sourceTree = "<group>"; };
		D227380C2163E178002466B5 /* SCNNode+Highlighted.swift */ = {isa = PBXFileReference; lastKnownFileType = sourcecode.swift; path = "SCNNode+Highlighted.swift"; sourceTree = "<group>"; };
		D227380E2163E1DB002466B5 /* UIAlertController+Image.swift */ = {isa = PBXFileReference; lastKnownFileType = sourcecode.swift; path = "UIAlertController+Image.swift"; sourceTree = "<group>"; };
		D22738102163EEF7002466B5 /* UIImage+Scale.swift */ = {isa = PBXFileReference; lastKnownFileType = sourcecode.swift; path = "UIImage+Scale.swift"; sourceTree = "<group>"; };
		D22B28E9219BA561006BDD34 /* LineChartTableViewCell.swift */ = {isa = PBXFileReference; lastKnownFileType = sourcecode.swift; path = LineChartTableViewCell.swift; sourceTree = "<group>"; };
		D22B7FFB2124781A004DFD76 /* LineChartViewController.swift */ = {isa = PBXFileReference; lastKnownFileType = sourcecode.swift; path = LineChartViewController.swift; sourceTree = "<group>"; };
		D22B7FFE212489EF004DFD76 /* OverlayControllerDelegate.swift */ = {isa = PBXFileReference; lastKnownFileType = sourcecode.swift; path = OverlayControllerDelegate.swift; sourceTree = "<group>"; };
		D22B800021248B3D004DFD76 /* OverlayViewController.swift */ = {isa = PBXFileReference; lastKnownFileType = sourcecode.swift; path = OverlayViewController.swift; sourceTree = "<group>"; };
		D232196D2232A815004C950D /* String+Base64Encoding.swift */ = {isa = PBXFileReference; lastKnownFileType = sourcecode.swift; path = "String+Base64Encoding.swift"; sourceTree = "<group>"; };
		D234D8AF2110DFDE00D8CE61 /* ImagePlacementScene.sks */ = {isa = PBXFileReference; lastKnownFileType = file.sks; path = ImagePlacementScene.sks; sourceTree = "<group>"; };
		D2353833218371BE007C6501 /* LineNodeTechnique.plist */ = {isa = PBXFileReference; lastKnownFileType = text.plist.xml; path = LineNodeTechnique.plist; sourceTree = "<group>"; };
		D2393CDB216CD7C9005BBF8A /* StraightArrowScene.sks */ = {isa = PBXFileReference; lastKnownFileType = file.sks; path = StraightArrowScene.sks; sourceTree = "<group>"; };
		D2393CDD216CD7D9005BBF8A /* RotateArrowScene.sks */ = {isa = PBXFileReference; lastKnownFileType = file.sks; path = RotateArrowScene.sks; sourceTree = "<group>"; };
		D2393CDF216CEA95005BBF8A /* PlaneScene.swift */ = {isa = PBXFileReference; lastKnownFileType = sourcecode.swift; path = PlaneScene.swift; sourceTree = "<group>"; };
		D24788B021664C4F005C642E /* ARProcedure.swift */ = {isa = PBXFileReference; lastKnownFileType = sourcecode.swift; path = ARProcedure.swift; sourceTree = "<group>"; };
		D24D765F22DD0DEA0033E127 /* RemoteIntegrationBrokerProtocol.swift */ = {isa = PBXFileReference; lastKnownFileType = sourcecode.swift; path = RemoteIntegrationBrokerProtocol.swift; sourceTree = "<group>"; };
		D253C38C216F7B7500FDFE70 /* ContextViewControllerProtocol.swift */ = {isa = PBXFileReference; lastKnownFileType = sourcecode.swift; path = ContextViewControllerProtocol.swift; sourceTree = "<group>"; };
		D253C38F216F7D3200FDFE70 /* ApplicationButtonsViewController.swift */ = {isa = PBXFileReference; lastKnownFileType = sourcecode.swift; path = ApplicationButtonsViewController.swift; sourceTree = "<group>"; };
		D253C393216F7DD000FDFE70 /* ApplicationButtonContext.storyboard */ = {isa = PBXFileReference; lastKnownFileType = file.storyboard; path = ApplicationButtonContext.storyboard; sourceTree = "<group>"; };
		D255F51D23706F6600BE9C4C /* fa-regular-400.ttf */ = {isa = PBXFileReference; lastKnownFileType = file; path = "fa-regular-400.ttf"; sourceTree = "<group>"; };
		D255F51E23706F6600BE9C4C /* fa-solid-900.ttf */ = {isa = PBXFileReference; lastKnownFileType = file; path = "fa-solid-900.ttf"; sourceTree = "<group>"; };
		D255F51F23706F6600BE9C4C /* fa-brands-400.ttf */ = {isa = PBXFileReference; lastKnownFileType = file; path = "fa-brands-400.ttf"; sourceTree = "<group>"; };
		D25B3AD5234E78B5002B25F8 /* FontAwesome.swift */ = {isa = PBXFileReference; lastKnownFileType = sourcecode.swift; path = FontAwesome.swift; sourceTree = "<group>"; };
		D25B3AD9234EAFA5002B25F8 /* UIButton+RoundRect.swift */ = {isa = PBXFileReference; lastKnownFileType = sourcecode.swift; path = "UIButton+RoundRect.swift"; sourceTree = "<group>"; };
		D25DCF4522D4E6150030DB64 /* ServiceCloudFileAttachment.swift */ = {isa = PBXFileReference; lastKnownFileType = sourcecode.swift; path = ServiceCloudFileAttachment.swift; sourceTree = "<group>"; };
		D26171592347B7B0009ACE91 /* OverlayNavigationController.swift */ = {isa = PBXFileReference; lastKnownFileType = sourcecode.swift; path = OverlayNavigationController.swift; sourceTree = "<group>"; };
		D261719A2347D941009ACE91 /* UInt32+Hexstring.swift */ = {isa = PBXFileReference; lastKnownFileType = sourcecode.swift; path = "UInt32+Hexstring.swift"; sourceTree = "<group>"; };
		D261719C2347DAB4009ACE91 /* String+UnicodeCharacter.swift */ = {isa = PBXFileReference; lastKnownFileType = sourcecode.swift; path = "String+UnicodeCharacter.swift"; sourceTree = "<group>"; };
		D26A52AA21932ADB00D21B8B /* SCNAction+Animations.swift */ = {isa = PBXFileReference; lastKnownFileType = sourcecode.swift; path = "SCNAction+Animations.swift"; sourceTree = "<group>"; };
		D26E4B16216EAA010010776E /* NodeContextHeaderTableViewCell.swift */ = {isa = PBXFileReference; lastKnownFileType = sourcecode.swift; path = NodeContextHeaderTableViewCell.swift; sourceTree = "<group>"; };
		D274D327219491FC00DBBF8F /* String+Bool.swift */ = {isa = PBXFileReference; lastKnownFileType = sourcecode.swift; path = "String+Bool.swift"; sourceTree = "<group>"; };
		D27918DF21B70FBF00171F10 /* ARSensor.swift */ = {isa = PBXFileReference; lastKnownFileType = sourcecode.swift; path = ARSensor.swift; sourceTree = "<group>"; };
		D27918E121B7109000171F10 /* ARVector.swift */ = {isa = PBXFileReference; lastKnownFileType = sourcecode.swift; path = ARVector.swift; sourceTree = "<group>"; };
		D27A73382113530D00D762EF /* Settings.bundle */ = {isa = PBXFileReference; lastKnownFileType = "wrapper.plug-in"; path = Settings.bundle; sourceTree = "<group>"; };
		D280DEC222D3D04700449BA9 /* Incident.swift */ = {isa = PBXFileReference; lastKnownFileType = sourcecode.swift; path = Incident.swift; sourceTree = "<group>"; };
		D2834258212B011C008FEDA4 /* ActivityOverlayViewController.swift */ = {isa = PBXFileReference; lastKnownFileType = sourcecode.swift; path = ActivityOverlayViewController.swift; sourceTree = "<group>"; };
		D283425C212B4820008FEDA4 /* ServiceRequestDetailsNavigationViewController.swift */ = {isa = PBXFileReference; lastKnownFileType = sourcecode.swift; path = ServiceRequestDetailsNavigationViewController.swift; sourceTree = "<group>"; };
		D28439642318049D00A16DC0 /* Codeable.swift */ = {isa = PBXFileReference; lastKnownFileType = sourcecode.swift; path = Codeable.swift; sourceTree = "<group>"; };
		D28866C221CD29CA00828CA4 /* ImagesTableViewCell.swift */ = {isa = PBXFileReference; fileEncoding = 4; lastKnownFileType = sourcecode.swift; path = ImagesTableViewCell.swift; sourceTree = "<group>"; };
		D28866C521CD29F000828CA4 /* NodeImagePageViewOverlayController.swift */ = {isa = PBXFileReference; fileEncoding = 4; lastKnownFileType = sourcecode.swift; path = NodeImagePageViewOverlayController.swift; sourceTree = "<group>"; };
		D28866C621CD29F000828CA4 /* NodeImage.storyboard */ = {isa = PBXFileReference; fileEncoding = 4; lastKnownFileType = file.storyboard; path = NodeImage.storyboard; sourceTree = "<group>"; };
		D28B6E95212360E600307891 /* KnowledgebaseViewController.swift */ = {isa = PBXFileReference; lastKnownFileType = sourcecode.swift; path = KnowledgebaseViewController.swift; sourceTree = "<group>"; };
		D28E03E7215082C1002ED340 /* Procedures.storyboard */ = {isa = PBXFileReference; lastKnownFileType = file.storyboard; path = Procedures.storyboard; sourceTree = "<group>"; };
		D28E03ED2150869A002ED340 /* ProceduresViewController.swift */ = {isa = PBXFileReference; lastKnownFileType = sourcecode.swift; path = ProceduresViewController.swift; sourceTree = "<group>"; };
		D28E03EF2150AB38002ED340 /* ProceduresView.swift */ = {isa = PBXFileReference; lastKnownFileType = sourcecode.swift; path = ProceduresView.swift; sourceTree = "<group>"; };
		D28FE84321542E8300C407F8 /* String+Capitalization.swift */ = {isa = PBXFileReference; lastKnownFileType = sourcecode.swift; path = "String+Capitalization.swift"; sourceTree = "<group>"; };
		D29266AB2211B48800B4814A /* Infinity.swift */ = {isa = PBXFileReference; lastKnownFileType = sourcecode.swift; path = Infinity.swift; sourceTree = "<group>"; };
		D29266AD2211C05800B4814A /* CXInfinityBroker.swift */ = {isa = PBXFileReference; lastKnownFileType = sourcecode.swift; path = CXInfinityBroker.swift; sourceTree = "<group>"; };
		D293888A20FD1A5C0086FA4D /* Configs.swift */ = {isa = PBXFileReference; lastKnownFileType = sourcecode.swift; path = Configs.swift; sourceTree = "<group>"; };
		D293889020FE238B0086FA4D /* IoT.swift */ = {isa = PBXFileReference; lastKnownFileType = sourcecode.swift; path = IoT.swift; sourceTree = "<group>"; };
		D293889220FE49890086FA4D /* ServiceRequest.swift */ = {isa = PBXFileReference; lastKnownFileType = sourcecode.swift; path = ServiceRequest.swift; sourceTree = "<group>"; };
		D2986A9C2125E8D0003057D7 /* CreateServiceRequestViewController.swift */ = {isa = PBXFileReference; lastKnownFileType = sourcecode.swift; path = CreateServiceRequestViewController.swift; sourceTree = "<group>"; };
		D2A047292253CF440033DC84 /* UIViewController+AppEvent.swift */ = {isa = PBXFileReference; lastKnownFileType = sourcecode.swift; path = "UIViewController+AppEvent.swift"; sourceTree = "<group>"; };
		D2A09AF7233417FF00B9ECE0 /* ARDeviceActionMapping.swift */ = {isa = PBXFileReference; lastKnownFileType = sourcecode.swift; path = ARDeviceActionMapping.swift; sourceTree = "<group>"; };
		D2A3AF4322788986000A1393 /* help.storyboard */ = {isa = PBXFileReference; lastKnownFileType = file.storyboard; path = help.storyboard; sourceTree = "<group>"; };
		D2A3AF4522788A02000A1393 /* HelpViewController.swift */ = {isa = PBXFileReference; lastKnownFileType = sourcecode.swift; path = HelpViewController.swift; sourceTree = "<group>"; };
		D2A3AF48227896BC000A1393 /* help.html */ = {isa = PBXFileReference; lastKnownFileType = text.html; path = help.html; sourceTree = "<group>"; };
		D2A3AF4A22789879000A1393 /* WebKit.framework */ = {isa = PBXFileReference; lastKnownFileType = wrapper.framework; name = WebKit.framework; path = System/Library/Frameworks/WebKit.framework; sourceTree = SDKROOT; };
		D2A48BDD216B8CD000A3B9D3 /* ARAnimation.swift */ = {isa = PBXFileReference; fileEncoding = 4; lastKnownFileType = sourcecode.swift; path = ARAnimation.swift; sourceTree = "<group>"; };
		D2AB9A8B2165042F00149830 /* AllButtonsTableViewCell.swift */ = {isa = PBXFileReference; lastKnownFileType = sourcecode.swift; path = AllButtonsTableViewCell.swift; sourceTree = "<group>"; };
		D2B714A22122094500FF9AD3 /* ModelHelpScene.sks */ = {isa = PBXFileReference; lastKnownFileType = file.sks; path = ModelHelpScene.sks; sourceTree = "<group>"; };
		D2B714A421220EBB00FF9AD3 /* ModelPartsHelpScene.sks */ = {isa = PBXFileReference; lastKnownFileType = file.sks; path = ModelPartsHelpScene.sks; sourceTree = "<group>"; };
		D2BA2A3820F3C86300EF1739 /* Augmented CX.app */ = {isa = PBXFileReference; explicitFileType = wrapper.application; includeInIndex = 0; path = "Augmented CX.app"; sourceTree = BUILT_PRODUCTS_DIR; };
		D2BA2A3B20F3C86300EF1739 /* AppDelegate.swift */ = {isa = PBXFileReference; lastKnownFileType = sourcecode.swift; path = AppDelegate.swift; sourceTree = "<group>"; };
		D2BA2A3F20F3C86300EF1739 /* ARViewController.swift */ = {isa = PBXFileReference; lastKnownFileType = sourcecode.swift; path = ARViewController.swift; sourceTree = "<group>"; };
		D2BA2A4220F3C86300EF1739 /* Base */ = {isa = PBXFileReference; lastKnownFileType = file.storyboard; name = Base; path = Base.lproj/Main.storyboard; sourceTree = "<group>"; };
		D2BA2A4420F3C86400EF1739 /* Assets.xcassets */ = {isa = PBXFileReference; lastKnownFileType = folder.assetcatalog; path = Assets.xcassets; sourceTree = "<group>"; };
		D2BA2A4720F3C86400EF1739 /* Base */ = {isa = PBXFileReference; lastKnownFileType = file.storyboard; name = Base; path = Base.lproj/LaunchScreen.storyboard; sourceTree = "<group>"; };
		D2BA2A4920F3C86400EF1739 /* Info.plist */ = {isa = PBXFileReference; lastKnownFileType = text.plist.xml; path = Info.plist; sourceTree = "<group>"; };
		D2C060C22141B4FB0048BEC7 /* SensorBalloonMarker.swift */ = {isa = PBXFileReference; fileEncoding = 4; lastKnownFileType = sourcecode.swift; path = SensorBalloonMarker.swift; sourceTree = "<group>"; };
		D2C07AF5228214850049D5F1 /* AppEventRecorder.swift */ = {isa = PBXFileReference; fileEncoding = 4; lastKnownFileType = sourcecode.swift; path = AppEventRecorder.swift; sourceTree = "<group>"; };
		D2C07AF7228214850049D5F1 /* AppEvents.xcdatamodel */ = {isa = PBXFileReference; lastKnownFileType = wrapper.xcdatamodel; path = AppEvents.xcdatamodel; sourceTree = "<group>"; };
		D2C07AF8228214850049D5F1 /* AppEventSender.swift */ = {isa = PBXFileReference; fileEncoding = 4; lastKnownFileType = sourcecode.swift; path = AppEventSender.swift; sourceTree = "<group>"; };
		D2C4AD89214AF81700025B84 /* NodeContext.storyboard */ = {isa = PBXFileReference; lastKnownFileType = file.storyboard; path = NodeContext.storyboard; sourceTree = "<group>"; };
		D2C4AD8B214AF99200025B84 /* NodeContextViewController.swift */ = {isa = PBXFileReference; lastKnownFileType = sourcecode.swift; path = NodeContextViewController.swift; sourceTree = "<group>"; };
		D2C4AD97214BFE3500025B84 /* ARNodeContext.swift */ = {isa = PBXFileReference; lastKnownFileType = sourcecode.swift; path = ARNodeContext.swift; sourceTree = "<group>"; };
		D2C4AD99214C31F600025B84 /* Answer.swift */ = {isa = PBXFileReference; lastKnownFileType = sourcecode.swift; path = Answer.swift; sourceTree = "<group>"; };
		D2CEBFDE21C4188E00B8730C /* SKScene+Video.swift */ = {isa = PBXFileReference; lastKnownFileType = sourcecode.swift; path = "SKScene+Video.swift"; sourceTree = "<group>"; };
		D2D254F4223006BC004F70BB /* Note.swift */ = {isa = PBXFileReference; lastKnownFileType = sourcecode.swift; path = Note.swift; sourceTree = "<group>"; };
		D2D254F722304EC3004F70BB /* Notes.storyboard */ = {isa = PBXFileReference; lastKnownFileType = file.storyboard; path = Notes.storyboard; sourceTree = "<group>"; };
		D2D254F922304F02004F70BB /* NotesSplitViewController.swift */ = {isa = PBXFileReference; lastKnownFileType = sourcecode.swift; path = NotesSplitViewController.swift; sourceTree = "<group>"; };
		D2D254FD22304F3C004F70BB /* NotesTableViewController.swift */ = {isa = PBXFileReference; lastKnownFileType = sourcecode.swift; path = NotesTableViewController.swift; sourceTree = "<group>"; };
		D2D254FF22304F67004F70BB /* NoteViewController.swift */ = {isa = PBXFileReference; lastKnownFileType = sourcecode.swift; path = NoteViewController.swift; sourceTree = "<group>"; };
		D2D2550122304F75004F70BB /* CreateNoteViewController.swift */ = {isa = PBXFileReference; lastKnownFileType = sourcecode.swift; path = CreateNoteViewController.swift; sourceTree = "<group>"; };
		D2D2550322305094004F70BB /* OverlaySplitViewController.swift */ = {isa = PBXFileReference; lastKnownFileType = sourcecode.swift; path = OverlaySplitViewController.swift; sourceTree = "<group>"; };
		D2D25505223050A6004F70BB /* OverlayPageViewController.swift */ = {isa = PBXFileReference; lastKnownFileType = sourcecode.swift; path = OverlayPageViewController.swift; sourceTree = "<group>"; };
		D2D2550722306D48004F70BB /* ARNodeDetail.swift */ = {isa = PBXFileReference; lastKnownFileType = sourcecode.swift; path = ARNodeDetail.swift; sourceTree = "<group>"; };
		D2D25509223190C5004F70BB /* NotesDetailsNavigationViewController.swift */ = {isa = PBXFileReference; lastKnownFileType = sourcecode.swift; path = NotesDetailsNavigationViewController.swift; sourceTree = "<group>"; };
		D2D2550B2231A6CA004F70BB /* NotesMasterNavigationViewController.swift */ = {isa = PBXFileReference; lastKnownFileType = sourcecode.swift; path = NotesMasterNavigationViewController.swift; sourceTree = "<group>"; };
		D2D8130B212384F000FEDFD9 /* CXAugmentedReality-Bridging-Header.h */ = {isa = PBXFileReference; lastKnownFileType = sourcecode.c.h; path = "CXAugmentedReality-Bridging-Header.h"; sourceTree = "<group>"; };
		D2DFFCF1212D8F510057C642 /* TapTheModelScene.sks */ = {isa = PBXFileReference; lastKnownFileType = file.sks; path = TapTheModelScene.sks; sourceTree = "<group>"; };
		D2DFFCF4212DA84D0057C642 /* SCNNode+NonSensorNodes.swift */ = {isa = PBXFileReference; lastKnownFileType = sourcecode.swift; path = "SCNNode+NonSensorNodes.swift"; sourceTree = "<group>"; };
		D2DFFCF7212DA8A30057C642 /* NodeRender.metal */ = {isa = PBXFileReference; lastKnownFileType = sourcecode.metal; path = NodeRender.metal; sourceTree = "<group>"; };
		D2DFFCF9212DA8ED0057C642 /* BlurNodeTechnique.plist */ = {isa = PBXFileReference; lastKnownFileType = text.plist.xml; path = BlurNodeTechnique.plist; sourceTree = "<group>"; };
		D2E2064321FCAAEE001522F0 /* THIRD_PARTY_LICENSES.txt */ = {isa = PBXFileReference; fileEncoding = 4; lastKnownFileType = text; path = THIRD_PARTY_LICENSES.txt; sourceTree = "<group>"; };
		D2E6054721681A730045722E /* Integer+Radians.swift */ = {isa = PBXFileReference; lastKnownFileType = sourcecode.swift; path = "Integer+Radians.swift"; sourceTree = "<group>"; };
		D2E6054921681AAC0045722E /* Float+Radians.swift */ = {isa = PBXFileReference; lastKnownFileType = sourcecode.swift; path = "Float+Radians.swift"; sourceTree = "<group>"; };
		D2EA4D5322CFA84500920E9F /* ARRecognitionToDeviceMapping.swift */ = {isa = PBXFileReference; lastKnownFileType = sourcecode.swift; path = ARRecognitionToDeviceMapping.swift; sourceTree = "<group>"; };
		D2EA6301217E0FA8002113AC /* ContextImage.swift */ = {isa = PBXFileReference; lastKnownFileType = sourcecode.swift; path = ContextImage.swift; sourceTree = "<group>"; };
		D2EAC34521C00BB4000EF9FE /* ARRecognitionContext.swift */ = {isa = PBXFileReference; lastKnownFileType = sourcecode.swift; path = ARRecognitionContext.swift; sourceTree = "<group>"; };
		D2F1737D2232D70300617DC5 /* AppServerConfigs.swift */ = {isa = PBXFileReference; lastKnownFileType = sourcecode.swift; path = AppServerConfigs.swift; sourceTree = "<group>"; };
		D2F384672239EDD60093CD9C /* IntegrationBroker.swift */ = {isa = PBXFileReference; fileEncoding = 4; lastKnownFileType = sourcecode.swift; path = IntegrationBroker.swift; sourceTree = "<group>"; };
		D2F5F83423747A4200CB1232 /* art.scnassets */ = {isa = PBXFileReference; lastKnownFileType = wrapper.scnassets; path = art.scnassets; sourceTree = "<group>"; };
		D2F87B8D215C0C550069AC5A /* PDFViewController.swift */ = {isa = PBXFileReference; lastKnownFileType = sourcecode.swift; path = PDFViewController.swift; sourceTree = "<group>"; };
		D2F8B32D233BB9AA00F6EC7B /* Augmented CX Tests.xctest */ = {isa = PBXFileReference; explicitFileType = wrapper.cfbundle; includeInIndex = 0; path = "Augmented CX Tests.xctest"; sourceTree = BUILT_PRODUCTS_DIR; };
		D2F8B331233BB9AA00F6EC7B /* Info.plist */ = {isa = PBXFileReference; lastKnownFileType = text.plist.xml; path = Info.plist; sourceTree = "<group>"; };
		D2F8B337233BB9F400F6EC7B /* OCIBrokerTests.swift */ = {isa = PBXFileReference; lastKnownFileType = sourcecode.swift; path = OCIBrokerTests.swift; sourceTree = "<group>"; };
		D2FB6A982269FD1500AAA2E5 /* UIBarButtonItem+AppEvent.swift */ = {isa = PBXFileReference; lastKnownFileType = sourcecode.swift; path = "UIBarButtonItem+AppEvent.swift"; sourceTree = "<group>"; };
		D2FB6A9A2269FD2800AAA2E5 /* UIButton+AppEvent.swift */ = {isa = PBXFileReference; lastKnownFileType = sourcecode.swift; path = "UIButton+AppEvent.swift"; sourceTree = "<group>"; };
		D2FB6A9F226A472D00AAA2E5 /* Error+Log.swift */ = {isa = PBXFileReference; lastKnownFileType = sourcecode.swift; path = "Error+Log.swift"; sourceTree = "<group>"; };
		D2FD23F1215E639D0010DE81 /* Generic.swift */ = {isa = PBXFileReference; lastKnownFileType = sourcecode.swift; path = Generic.swift; sourceTree = "<group>"; };
/* End PBXFileReference section */

/* Begin PBXFrameworksBuildPhase section */
		D2BA2A3520F3C86300EF1739 /* Frameworks */ = {
			isa = PBXFrameworksBuildPhase;
			buildActionMask = 2147483647;
			files = (
				D2EC694A235670540002221C /* OciRequestSigner in Frameworks */,
				D2EC694D235670810002221C /* Charts in Frameworks */,
				D258241E2356581600C436FB /* XMLParsing in Frameworks */,
			);
			runOnlyForDeploymentPostprocessing = 0;
		};
		D2F8B32A233BB9AA00F6EC7B /* Frameworks */ = {
			isa = PBXFrameworksBuildPhase;
			buildActionMask = 2147483647;
			files = (
			);
			runOnlyForDeploymentPostprocessing = 0;
		};
/* End PBXFrameworksBuildPhase section */

/* Begin PBXGroup section */
		D21587282354AE6900BBA8C5 /* Generic Views */ = {
			isa = PBXGroup;
			children = (
				D21587262354AD1300BBA8C5 /* LoadingTableViewCell.swift */,
			);
			path = "Generic Views";
			sourceTree = "<group>";
		};
		D216640B2338EF6C00C6D2EE /* OCI */ = {
			isa = PBXGroup;
			children = (
				D216640E2338FD7900C6D2EE /* OciArRequests.swift */,
				D216640C2338EF8400C6D2EE /* OciFunctions.swift */,
			);
			path = OCI;
			sourceTree = "<group>";
		};
		D21803F6224D48EF00B9CAA0 /* Events */ = {
			isa = PBXGroup;
			children = (
				D2C07AF5228214850049D5F1 /* AppEventRecorder.swift */,
				D2C07AF6228214850049D5F1 /* AppEvents.xcdatamodeld */,
				D2C07AF8228214850049D5F1 /* AppEventSender.swift */,
			);
			path = Events;
			sourceTree = "<group>";
		};
		D21A09BD222D5A5E00ADBF10 /* Activity Overlay */ = {
			isa = PBXGroup;
			children = (
				D21A09BE222D5A7600ADBF10 /* ActivityOverlay.storyboard */,
				D2834258212B011C008FEDA4 /* ActivityOverlayViewController.swift */,
			);
			path = "Activity Overlay";
			sourceTree = "<group>";
		};
		D21A09C0222D5B1100ADBF10 /* PDF */ = {
			isa = PBXGroup;
			children = (
				D21A09C1222D5B3D00ADBF10 /* PDF.storyboard */,
				D2F87B8D215C0C550069AC5A /* PDFViewController.swift */,
			);
			path = PDF;
			sourceTree = "<group>";
		};
		D21DA4422122485700AB9E19 /* 2D Views */ = {
			isa = PBXGroup;
			children = (
				D21587282354AE6900BBA8C5 /* Generic Views */,
				D2C4AD88214AF7D900025B84 /* Context Views */,
				D23CB85A2170CCB300BCEED6 /* Overlay Views */,
			);
			path = "2D Views";
			sourceTree = "<group>";
		};
		D21DA4432122486800AB9E19 /* Service Requests */ = {
			isa = PBXGroup;
			children = (
				D21A09C7222D5D1E00ADBF10 /* ServiceRequest.storyboard */,
				D283425C212B4820008FEDA4 /* ServiceRequestDetailsNavigationViewController.swift */,
				D21DA448212249AB00AB9E19 /* ServiceRequestDetailsViewController.swift */,
				D21DA44A21224B8C00AB9E19 /* ServiceRequestNavigationController.swift */,
				D2986A9C2125E8D0003057D7 /* CreateServiceRequestViewController.swift */,
				D21DA4442122488600AB9E19 /* ServiceRequestSplitViewController.swift */,
				D21DA4462122499700AB9E19 /* ServiceRequestTableViewController.swift */,
			);
			path = "Service Requests";
			sourceTree = "<group>";
		};
		D2203DF12239E2A000E52C1B /* CX Infinity */ = {
			isa = PBXGroup;
			children = (
				D29266AD2211C05800B4814A /* CXInfinityBroker.swift */,
			);
			path = "CX Infinity";
			sourceTree = "<group>";
		};
		D22B7FFA21247804004DFD76 /* Charts */ = {
			isa = PBXGroup;
			children = (
				D21A09C3222D5BF200ADBF10 /* Charts.storyboard */,
				D22B7FFB2124781A004DFD76 /* LineChartViewController.swift */,
				D2C060C22141B4FB0048BEC7 /* SensorBalloonMarker.swift */,
			);
			path = Charts;
			sourceTree = "<group>";
		};
		D2393CDA216CD795005BBF8A /* Planes */ = {
			isa = PBXGroup;
			children = (
				D2393CDF216CEA95005BBF8A /* PlaneScene.swift */,
				D2393CDD216CD7D9005BBF8A /* RotateArrowScene.sks */,
				D2393CDB216CD7C9005BBF8A /* StraightArrowScene.sks */,
			);
			path = Planes;
			sourceTree = "<group>";
		};
		D23CB85A2170CCB300BCEED6 /* Overlay Views */ = {
			isa = PBXGroup;
			children = (
				D22B7FFE212489EF004DFD76 /* OverlayControllerDelegate.swift */,
				D26171592347B7B0009ACE91 /* OverlayNavigationController.swift */,
				D2D25505223050A6004F70BB /* OverlayPageViewController.swift */,
				D2D2550322305094004F70BB /* OverlaySplitViewController.swift */,
				D22B800021248B3D004DFD76 /* OverlayViewController.swift */,
				D21A09BD222D5A5E00ADBF10 /* Activity Overlay */,
				D22B7FFA21247804004DFD76 /* Charts */,
				D2A3AF422278896C000A1393 /* Help */,
				D28B6E94212360AD00307891 /* Knowledgebase */,
				D28866C421CD29F000828CA4 /* NodeImage */,
				D2D254F622304EAD004F70BB /* Notes */,
				D21A09C0222D5B1100ADBF10 /* PDF */,
				D21DA4432122486800AB9E19 /* Service Requests */,
			);
			path = "Overlay Views";
			sourceTree = "<group>";
		};
		D253C38E216F7D0200FDFE70 /* Application Buttons Context */ = {
			isa = PBXGroup;
			children = (
				D253C393216F7DD000FDFE70 /* ApplicationButtonContext.storyboard */,
				D253C38F216F7D3200FDFE70 /* ApplicationButtonsViewController.swift */,
			);
			path = "Application Buttons Context";
			sourceTree = "<group>";
		};
		D255F51C23706F4E00BE9C4C /* Fonts */ = {
			isa = PBXGroup;
			children = (
				D255F51F23706F6600BE9C4C /* fa-brands-400.ttf */,
				D255F51D23706F6600BE9C4C /* fa-regular-400.ttf */,
				D255F51E23706F6600BE9C4C /* fa-solid-900.ttf */,
			);
			path = Fonts;
			sourceTree = "<group>";
		};
		D257B0D121B598B800495E23 /* AR */ = {
			isa = PBXGroup;
			children = (
				D2A48BDD216B8CD000A3B9D3 /* ARAnimation.swift */,
				D2A09AF7233417FF00B9ECE0 /* ARDeviceActionMapping.swift */,
				D2C4AD97214BFE3500025B84 /* ARNodeContext.swift */,
				D2D2550722306D48004F70BB /* ARNodeDetail.swift */,
				D218795A21C16C0400737BA2 /* ARPoint.swift */,
				D24788B021664C4F005C642E /* ARProcedure.swift */,
				D2EAC34521C00BB4000EF9FE /* ARRecognitionContext.swift */,
				D2EA4D5322CFA84500920E9F /* ARRecognitionToDeviceMapping.swift */,
				D218795C21C16C6B00737BA2 /* ARRect.swift */,
				D27918DF21B70FBF00171F10 /* ARSensor.swift */,
				D27918E121B7109000171F10 /* ARVector.swift */,
			);
			path = AR;
			sourceTree = "<group>";
		};
		D257B0D221B5990700495E23 /* Configuration */ = {
			isa = PBXGroup;
			children = (
				D293888A20FD1A5C0086FA4D /* Configs.swift */,
			);
			path = Configuration;
			sourceTree = "<group>";
		};
		D257B0D421B5993A00495E23 /* Application */ = {
			isa = PBXGroup;
			children = (
				D2EA6301217E0FA8002113AC /* ContextImage.swift */,
				D2FD23F1215E639D0010DE81 /* Generic.swift */,
			);
			path = Application;
			sourceTree = "<group>";
		};
		D257B0D521B5994800495E23 /* Integration */ = {
			isa = PBXGroup;
			children = (
				D2F384672239EDD60093CD9C /* IntegrationBroker.swift */,
				D24D765F22DD0DEA0033E127 /* RemoteIntegrationBrokerProtocol.swift */,
				D2203DF12239E2A000E52C1B /* CX Infinity */,
				D2C9F8FF231FE2FC004117A0 /* OCI */,
			);
			path = Integration;
			sourceTree = "<group>";
		};
		D25B3ADB234EBB65002B25F8 /* Fonts */ = {
			isa = PBXGroup;
			children = (
				D25B3AD5234E78B5002B25F8 /* FontAwesome.swift */,
			);
			path = Fonts;
			sourceTree = "<group>";
		};
		D26E4B18216EAA150010776E /* Node Context */ = {
			isa = PBXGroup;
			children = (
				D2C4AD89214AF81700025B84 /* NodeContext.storyboard */,
				D2AB9A8B2165042F00149830 /* AllButtonsTableViewCell.swift */,
				D28866C221CD29CA00828CA4 /* ImagesTableViewCell.swift */,
				D22B28E9219BA561006BDD34 /* LineChartTableViewCell.swift */,
				D26E4B16216EAA010010776E /* NodeContextHeaderTableViewCell.swift */,
				D2C4AD8B214AF99200025B84 /* NodeContextViewController.swift */,
			);
			path = "Node Context";
			sourceTree = "<group>";
		};
		D26E4B19216EAA220010776E /* Procedures Context */ = {
			isa = PBXGroup;
			children = (
				D28E03E7215082C1002ED340 /* Procedures.storyboard */,
				D28E03ED2150869A002ED340 /* ProceduresViewController.swift */,
				D28E03EF2150AB38002ED340 /* ProceduresView.swift */,
			);
			path = "Procedures Context";
			sourceTree = "<group>";
		};
		D280DEC022D3CC8000449BA9 /* Service Cloud */ = {
			isa = PBXGroup;
			children = (
				D2C4AD99214C31F600025B84 /* Answer.swift */,
				D2D254F4223006BC004F70BB /* Note.swift */,
				D280DEC222D3D04700449BA9 /* Incident.swift */,
				D202208122D4F4D400302756 /* NamedID.swift */,
				D25DCF4522D4E6150030DB64 /* ServiceCloudFileAttachment.swift */,
				D202208322D4F50100302756 /* Thread.swift */,
				D2166410233965FF00C6D2EE /* FIleAttachment.swift */,
				D21664122339982200C6D2EE /* RoqlQuery.swift */,
			);
			path = "Service Cloud";
			sourceTree = "<group>";
		};
		D280DEC122D3CC8600449BA9 /* Engagement Cloud */ = {
			isa = PBXGroup;
			children = (
			);
			path = "Engagement Cloud";
			sourceTree = "<group>";
		};
		D285B9152113291300C0D61F /* Overlays */ = {
			isa = PBXGroup;
			children = (
				D234D8AF2110DFDE00D8CE61 /* ImagePlacementScene.sks */,
				D2DFFCF1212D8F510057C642 /* TapTheModelScene.sks */,
			);
			path = Overlays;
			sourceTree = "<group>";
		};
		D28866C421CD29F000828CA4 /* NodeImage */ = {
			isa = PBXGroup;
			children = (
				D28866C521CD29F000828CA4 /* NodeImagePageViewOverlayController.swift */,
				D28866C621CD29F000828CA4 /* NodeImage.storyboard */,
			);
			path = NodeImage;
			sourceTree = "<group>";
		};
		D28B6E94212360AD00307891 /* Knowledgebase */ = {
			isa = PBXGroup;
			children = (
				D21A09C5222D5CA900ADBF10 /* Knowledgebase.storyboard */,
				D28B6E95212360E600307891 /* KnowledgebaseViewController.swift */,
			);
			path = Knowledgebase;
			sourceTree = "<group>";
		};
		D29266A82211B29D00B4814A /* Service */ = {
			isa = PBXGroup;
			children = (
				D280DEC122D3CC8600449BA9 /* Engagement Cloud */,
				D280DEC022D3CC8000449BA9 /* Service Cloud */,
				D293889220FE49890086FA4D /* ServiceRequest.swift */,
			);
			path = Service;
			sourceTree = "<group>";
		};
		D29266A92211B2A700B4814A /* IoT */ = {
			isa = PBXGroup;
			children = (
				D293889020FE238B0086FA4D /* IoT.swift */,
			);
			path = IoT;
			sourceTree = "<group>";
		};
		D29266AA2211B46C00B4814A /* Infinity */ = {
			isa = PBXGroup;
			children = (
				D29266AB2211B48800B4814A /* Infinity.swift */,
			);
			path = Infinity;
			sourceTree = "<group>";
		};
		D293888720FD19E40086FA4D /* Models */ = {
			isa = PBXGroup;
			children = (
				D257B0D421B5993A00495E23 /* Application */,
				D257B0D121B598B800495E23 /* AR */,
				D257B0D221B5990700495E23 /* Configuration */,
				D21803F6224D48EF00B9CAA0 /* Events */,
				D25B3ADB234EBB65002B25F8 /* Fonts */,
				D2A3AF472278969B000A1393 /* Help */,
				D29266AA2211B46C00B4814A /* Infinity */,
				D257B0D521B5994800495E23 /* Integration */,
				D29266A92211B2A700B4814A /* IoT */,
				D216640B2338EF6C00C6D2EE /* OCI */,
				D29266A82211B29D00B4814A /* Service */,
			);
			path = Models;
			sourceTree = "<group>";
		};
		D293889420FF81810086FA4D /* AR View */ = {
			isa = PBXGroup;
			children = (
				D2BA2A3F20F3C86300EF1739 /* ARViewController.swift */,
				D29388A0210265C30086FA4D /* Sprite Scenes */,
				D2F5F83423747A4200CB1232 /* art.scnassets */,
			);
			path = "AR View";
			sourceTree = "<group>";
		};
		D29388A0210265C30086FA4D /* Sprite Scenes */ = {
			isa = PBXGroup;
			children = (
				D2B714A12122093100FF9AD3 /* Help */,
				D2393CDA216CD795005BBF8A /* Planes */,
				D285B9152113291300C0D61F /* Overlays */,
			);
			path = "Sprite Scenes";
			sourceTree = "<group>";
		};
		D2A3AF422278896C000A1393 /* Help */ = {
			isa = PBXGroup;
			children = (
				D2A3AF4322788986000A1393 /* help.storyboard */,
				D2A3AF4522788A02000A1393 /* HelpViewController.swift */,
			);
			path = Help;
			sourceTree = "<group>";
		};
		D2A3AF472278969B000A1393 /* Help */ = {
			isa = PBXGroup;
			children = (
				D2A3AF48227896BC000A1393 /* help.html */,
			);
			path = Help;
			sourceTree = "<group>";
		};
		D2B714A12122093100FF9AD3 /* Help */ = {
			isa = PBXGroup;
			children = (
				D2B714A22122094500FF9AD3 /* ModelHelpScene.sks */,
				D2B714A421220EBB00FF9AD3 /* ModelPartsHelpScene.sks */,
			);
			path = Help;
			sourceTree = "<group>";
		};
		D2BA2A2F20F3C86300EF1739 = {
			isa = PBXGroup;
			children = (
				D2E2064321FCAAEE001522F0 /* THIRD_PARTY_LICENSES.txt */,
				D21A493921469B500010F545 /* LICENSE.txt */,
				D21A493B21469B620010F545 /* README.md */,
				D2BA2A3A20F3C86300EF1739 /* Application */,
				D2F8B32E233BB9AA00F6EC7B /* Augmented CX Tests */,
				D2F8B339233BC46200F6EC7B /* Certificates */,
				D255F51C23706F4E00BE9C4C /* Fonts */,
				D2BA2A3920F3C86300EF1739 /* Products */,
				D2D813082123830A00FEDFD9 /* Frameworks */,
			);
			sourceTree = "<group>";
		};
		D2BA2A3920F3C86300EF1739 /* Products */ = {
			isa = PBXGroup;
			children = (
				D2BA2A3820F3C86300EF1739 /* Augmented CX.app */,
				D2F8B32D233BB9AA00F6EC7B /* Augmented CX Tests.xctest */,
			);
			name = Products;
			sourceTree = "<group>";
		};
		D2BA2A3A20F3C86300EF1739 /* Application */ = {
			isa = PBXGroup;
			children = (
				D2D8130B212384F000FEDFD9 /* CXAugmentedReality-Bridging-Header.h */,
				D2BA2A4120F3C86300EF1739 /* Main.storyboard */,
				D2BA2A3B20F3C86300EF1739 /* AppDelegate.swift */,
				D2F1737D2232D70300617DC5 /* AppServerConfigs.swift */,
				D21DA4422122485700AB9E19 /* 2D Views */,
				D293889420FF81810086FA4D /* AR View */,
				D2DFFCF3212DA81B0057C642 /* Extensions */,
				D2EDC5FD2108BB05007BBB78 /* Launch Screen */,
				D2DFFCF6212DA88E0057C642 /* Metal */,
				D293888720FD19E40086FA4D /* Models */,
				D2BA2A4420F3C86400EF1739 /* Assets.xcassets */,
				D2BA2A4920F3C86400EF1739 /* Info.plist */,
				D27A73382113530D00D762EF /* Settings.bundle */,
			);
			path = Application;
			sourceTree = "<group>";
		};
		D2C4AD88214AF7D900025B84 /* Context Views */ = {
			isa = PBXGroup;
			children = (
				D253C38C216F7B7500FDFE70 /* ContextViewControllerProtocol.swift */,
				D253C38E216F7D0200FDFE70 /* Application Buttons Context */,
				D26E4B18216EAA150010776E /* Node Context */,
				D26E4B19216EAA220010776E /* Procedures Context */,
			);
			path = "Context Views";
			sourceTree = "<group>";
		};
		D2C9F8FF231FE2FC004117A0 /* OCI */ = {
			isa = PBXGroup;
			children = (
				D2168713233563320046E598 /* OciBroker.swift */,
			);
			path = OCI;
			sourceTree = "<group>";
		};
		D2D254F622304EAD004F70BB /* Notes */ = {
			isa = PBXGroup;
			children = (
				D2D254F722304EC3004F70BB /* Notes.storyboard */,
				D2D2550122304F75004F70BB /* CreateNoteViewController.swift */,
				D2D254FF22304F67004F70BB /* NoteViewController.swift */,
				D2D2550B2231A6CA004F70BB /* NotesMasterNavigationViewController.swift */,
				D2D25509223190C5004F70BB /* NotesDetailsNavigationViewController.swift */,
				D2D254F922304F02004F70BB /* NotesSplitViewController.swift */,
				D2D254FD22304F3C004F70BB /* NotesTableViewController.swift */,
			);
			path = Notes;
			sourceTree = "<group>";
		};
		D2D813082123830A00FEDFD9 /* Frameworks */ = {
			isa = PBXGroup;
			children = (
				D2A3AF4A22789879000A1393 /* WebKit.framework */,
			);
			name = Frameworks;
			sourceTree = "<group>";
		};
		D2DFFCF3212DA81B0057C642 /* Extensions */ = {
			isa = PBXGroup;
			children = (
				D28439642318049D00A16DC0 /* Codeable.swift */,
				D2FB6A9F226A472D00AAA2E5 /* Error+Log.swift */,
				D2E6054921681AAC0045722E /* Float+Radians.swift */,
				D2E6054721681A730045722E /* Integer+Radians.swift */,
				D26A52AA21932ADB00D21B8B /* SCNAction+Animations.swift */,
				D227380C2163E178002466B5 /* SCNNode+Highlighted.swift */,
				D2DFFCF4212DA84D0057C642 /* SCNNode+NonSensorNodes.swift */,
				D2CEBFDE21C4188E00B8730C /* SKScene+Video.swift */,
				D274D327219491FC00DBBF8F /* String+Bool.swift */,
				D232196D2232A815004C950D /* String+Base64Encoding.swift */,
				D28FE84321542E8300C407F8 /* String+Capitalization.swift */,
				D261719C2347DAB4009ACE91 /* String+UnicodeCharacter.swift */,
				D227380E2163E1DB002466B5 /* UIAlertController+Image.swift */,
				D22738102163EEF7002466B5 /* UIImage+Scale.swift */,
				D2FB6A982269FD1500AAA2E5 /* UIBarButtonItem+AppEvent.swift */,
				D2FB6A9A2269FD2800AAA2E5 /* UIButton+AppEvent.swift */,
				D25B3AD9234EAFA5002B25F8 /* UIButton+RoundRect.swift */,
				D261719A2347D941009ACE91 /* UInt32+Hexstring.swift */,
				D2A047292253CF440033DC84 /* UIViewController+AppEvent.swift */,
			);
			path = Extensions;
			sourceTree = "<group>";
		};
		D2DFFCF6212DA88E0057C642 /* Metal */ = {
			isa = PBXGroup;
			children = (
				D2DFFCF7212DA8A30057C642 /* NodeRender.metal */,
				D2DFFCF9212DA8ED0057C642 /* BlurNodeTechnique.plist */,
				D2353833218371BE007C6501 /* LineNodeTechnique.plist */,
			);
			path = Metal;
			sourceTree = "<group>";
		};
		D2EDC5FD2108BB05007BBB78 /* Launch Screen */ = {
			isa = PBXGroup;
			children = (
				D2BA2A4620F3C86400EF1739 /* LaunchScreen.storyboard */,
			);
			path = "Launch Screen";
			sourceTree = "<group>";
		};
		D2F8B32E233BB9AA00F6EC7B /* Augmented CX Tests */ = {
			isa = PBXGroup;
			children = (
				D2F8B337233BB9F400F6EC7B /* OCIBrokerTests.swift */,
				D2F8B331233BB9AA00F6EC7B /* Info.plist */,
			);
			path = "Augmented CX Tests";
			sourceTree = "<group>";
		};
		D2F8B339233BC46200F6EC7B /* Certificates */ = {
			isa = PBXGroup;
			children = (
			);
			path = Certificates;
			sourceTree = "<group>";
		};
/* End PBXGroup section */

/* Begin PBXNativeTarget section */
		D2BA2A3720F3C86300EF1739 /* Augmented CX */ = {
			isa = PBXNativeTarget;
			buildConfigurationList = D2BA2A4C20F3C86400EF1739 /* Build configuration list for PBXNativeTarget "Augmented CX" */;
			buildPhases = (
				D2BA2A3420F3C86300EF1739 /* Sources */,
				D2BA2A3520F3C86300EF1739 /* Frameworks */,
				D2BA2A3620F3C86300EF1739 /* Resources */,
				D25B3AE0234F950C002B25F8 /* Embed Frameworks */,
			);
			buildRules = (
			);
			dependencies = (
			);
			name = "Augmented CX";
			packageProductDependencies = (
				D258241D2356581600C436FB /* XMLParsing */,
				D2EC6949235670540002221C /* OciRequestSigner */,
				D2EC694C235670810002221C /* Charts */,
			);
			productName = "Blue Pump Demo";
			productReference = D2BA2A3820F3C86300EF1739 /* Augmented CX.app */;
			productType = "com.apple.product-type.application";
		};
		D2F8B32C233BB9AA00F6EC7B /* Augmented CX Tests */ = {
			isa = PBXNativeTarget;
			buildConfigurationList = D2F8B336233BB9AA00F6EC7B /* Build configuration list for PBXNativeTarget "Augmented CX Tests" */;
			buildPhases = (
				D2F8B329233BB9AA00F6EC7B /* Sources */,
				D2F8B32A233BB9AA00F6EC7B /* Frameworks */,
				D2F8B32B233BB9AA00F6EC7B /* Resources */,
			);
			buildRules = (
			);
			dependencies = (
				D2F8B333233BB9AA00F6EC7B /* PBXTargetDependency */,
			);
			name = "Augmented CX Tests";
			productName = "Augmented CX Tests";
			productReference = D2F8B32D233BB9AA00F6EC7B /* Augmented CX Tests.xctest */;
			productType = "com.apple.product-type.bundle.unit-test";
		};
/* End PBXNativeTarget section */

/* Begin PBXProject section */
		D2BA2A3020F3C86300EF1739 /* Project object */ = {
			isa = PBXProject;
			attributes = {
				LastSwiftUpdateCheck = 1100;
				LastUpgradeCheck = 1020;
				ORGANIZATIONNAME = Oracle;
				TargetAttributes = {
					D2BA2A3720F3C86300EF1739 = {
						CreatedOnToolsVersion = 9.4.1;
						LastSwiftMigration = 1020;
						SystemCapabilities = {
							com.apple.BackgroundModes = {
								enabled = 1;
							};
						};
					};
					D2F8B32C233BB9AA00F6EC7B = {
						CreatedOnToolsVersion = 11.0;
						TestTargetID = D2BA2A3720F3C86300EF1739;
					};
				};
			};
			buildConfigurationList = D2BA2A3320F3C86300EF1739 /* Build configuration list for PBXProject "Augmented CX" */;
			compatibilityVersion = "Xcode 10.0";
			developmentRegion = en;
			hasScannedForEncodings = 0;
			knownRegions = (
				en,
				Base,
			);
			mainGroup = D2BA2A2F20F3C86300EF1739;
			packageReferences = (
				D258241C2356581600C436FB /* XCRemoteSwiftPackageReference "XMLParsing" */,
				D2EC6948235670540002221C /* XCRemoteSwiftPackageReference "SwiftOciRequestSigner" */,
				D2EC694B235670810002221C /* XCRemoteSwiftPackageReference "Charts" */,
			);
			productRefGroup = D2BA2A3920F3C86300EF1739 /* Products */;
			projectDirPath = "";
			projectRoot = "";
			targets = (
				D2BA2A3720F3C86300EF1739 /* Augmented CX */,
				D2F8B32C233BB9AA00F6EC7B /* Augmented CX Tests */,
			);
		};
/* End PBXProject section */

/* Begin PBXResourcesBuildPhase section */
		D2BA2A3620F3C86300EF1739 /* Resources */ = {
			isa = PBXResourcesBuildPhase;
			buildActionMask = 2147483647;
			files = (
				D253C394216F7DD000FDFE70 /* ApplicationButtonContext.storyboard in Resources */,
				D21A09C4222D5BF200ADBF10 /* Charts.storyboard in Resources */,
				D2B714A521220EBB00FF9AD3 /* ModelPartsHelpScene.sks in Resources */,
				D21A09C8222D5D1E00ADBF10 /* ServiceRequest.storyboard in Resources */,
				D255F52223706F6600BE9C4C /* fa-brands-400.ttf in Resources */,
				D2393CDC216CD7C9005BBF8A /* StraightArrowScene.sks in Resources */,
				D21A09C6222D5CA900ADBF10 /* Knowledgebase.storyboard in Resources */,
				D2F5F83523747A4200CB1232 /* art.scnassets in Resources */,
				D2A3AF4422788986000A1393 /* help.storyboard in Resources */,
				D21A493A21469B500010F545 /* LICENSE.txt in Resources */,
				D2BA2A4820F3C86400EF1739 /* LaunchScreen.storyboard in Resources */,
				D28866C821CD29F000828CA4 /* NodeImage.storyboard in Resources */,
				D2C4AD8A214AF81700025B84 /* NodeContext.storyboard in Resources */,
				D28E03E8215082C1002ED340 /* Procedures.storyboard in Resources */,
				D2BA2A4520F3C86400EF1739 /* Assets.xcassets in Resources */,
				D21A09C2222D5B3D00ADBF10 /* PDF.storyboard in Resources */,
				D2E2064421FCAAEE001522F0 /* THIRD_PARTY_LICENSES.txt in Resources */,
				D234D8B02110DFDE00D8CE61 /* ImagePlacementScene.sks in Resources */,
				D2DFFCFA212DA8ED0057C642 /* BlurNodeTechnique.plist in Resources */,
				D255F52023706F6600BE9C4C /* fa-regular-400.ttf in Resources */,
				D255F52123706F6600BE9C4C /* fa-solid-900.ttf in Resources */,
				D2B714A32122094500FF9AD3 /* ModelHelpScene.sks in Resources */,
				D2D254F822304EC3004F70BB /* Notes.storyboard in Resources */,
				D27A73392113530D00D762EF /* Settings.bundle in Resources */,
				D2353834218371BE007C6501 /* LineNodeTechnique.plist in Resources */,
				D2DFFCF2212D8F510057C642 /* TapTheModelScene.sks in Resources */,
				D2393CDE216CD7D9005BBF8A /* RotateArrowScene.sks in Resources */,
				D2A3AF49227896BC000A1393 /* help.html in Resources */,
				D21A09BF222D5A7600ADBF10 /* ActivityOverlay.storyboard in Resources */,
				D2BA2A4320F3C86300EF1739 /* Main.storyboard in Resources */,
			);
			runOnlyForDeploymentPostprocessing = 0;
		};
		D2F8B32B233BB9AA00F6EC7B /* Resources */ = {
			isa = PBXResourcesBuildPhase;
			buildActionMask = 2147483647;
			files = (
			);
			runOnlyForDeploymentPostprocessing = 0;
		};
/* End PBXResourcesBuildPhase section */

/* Begin PBXSourcesBuildPhase section */
		D2BA2A3420F3C86300EF1739 /* Sources */ = {
			isa = PBXSourcesBuildPhase;
			buildActionMask = 2147483647;
			files = (
				D2986A9D2125E8D0003057D7 /* CreateServiceRequestViewController.swift in Sources */,
				D28439652318049D00A16DC0 /* Codeable.swift in Sources */,
				D293888B20FD1A5C0086FA4D /* Configs.swift in Sources */,
				D2FD23F2215E639D0010DE81 /* Generic.swift in Sources */,
				D21DA4472122499700AB9E19 /* ServiceRequestTableViewController.swift in Sources */,
				D29266AC2211B48800B4814A /* Infinity.swift in Sources */,
				D2EAC34621C00BB4000EF9FE /* ARRecognitionContext.swift in Sources */,
				D261719B2347D941009ACE91 /* UInt32+Hexstring.swift in Sources */,
				D293889320FE49890086FA4D /* ServiceRequest.swift in Sources */,
				D218795D21C16C6B00737BA2 /* ARRect.swift in Sources */,
				D253C390216F7D3200FDFE70 /* ApplicationButtonsViewController.swift in Sources */,
				D2393CE0216CEA95005BBF8A /* PlaneScene.swift in Sources */,
				D2F1737E2232D70300617DC5 /* AppServerConfigs.swift in Sources */,
				D2D2550022304F67004F70BB /* NoteViewController.swift in Sources */,
				D202208222D4F4D400302756 /* NamedID.swift in Sources */,
				D2D2550422305094004F70BB /* OverlaySplitViewController.swift in Sources */,
				D2DFFCF8212DA8A30057C642 /* NodeRender.metal in Sources */,
				D261719D2347DAB4009ACE91 /* String+UnicodeCharacter.swift in Sources */,
				D2E6054821681A730045722E /* Integer+Radians.swift in Sources */,
				D2C4AD8C214AF99200025B84 /* NodeContextViewController.swift in Sources */,
				D2AB9A8C2165042F00149830 /* AllButtonsTableViewCell.swift in Sources */,
				D21587272354AD1300BBA8C5 /* LoadingTableViewCell.swift in Sources */,
				D2FB6A992269FD1500AAA2E5 /* UIBarButtonItem+AppEvent.swift in Sources */,
				D2DFFCF5212DA84D0057C642 /* SCNNode+NonSensorNodes.swift in Sources */,
				D21DA449212249AB00AB9E19 /* ServiceRequestDetailsViewController.swift in Sources */,
				D27918E221B7109000171F10 /* ARVector.swift in Sources */,
				D293889120FE238B0086FA4D /* IoT.swift in Sources */,
				D22B800121248B3D004DFD76 /* OverlayViewController.swift in Sources */,
				D2168714233563320046E598 /* OciBroker.swift in Sources */,
				D216640F2338FD7900C6D2EE /* OciArRequests.swift in Sources */,
				D28E03EE2150869A002ED340 /* ProceduresViewController.swift in Sources */,
				D2A0472A2253CF440033DC84 /* UIViewController+AppEvent.swift in Sources */,
				D26E4B17216EAA010010776E /* NodeContextHeaderTableViewCell.swift in Sources */,
				D216640D2338EF8400C6D2EE /* OciFunctions.swift in Sources */,
				D2F87B8E215C0C550069AC5A /* PDFViewController.swift in Sources */,
				D2C060C32141B4FB0048BEC7 /* SensorBalloonMarker.swift in Sources */,
				D22B7FFC2124781A004DFD76 /* LineChartViewController.swift in Sources */,
				D261715A2347B7B0009ACE91 /* OverlayNavigationController.swift in Sources */,
				D22738112163EEF7002466B5 /* UIImage+Scale.swift in Sources */,
				D232196E2232A815004C950D /* String+Base64Encoding.swift in Sources */,
				D2D254F5223006BC004F70BB /* Note.swift in Sources */,
				D2BA2A4020F3C86300EF1739 /* ARViewController.swift in Sources */,
				D274D328219491FC00DBBF8F /* String+Bool.swift in Sources */,
				D227380D2163E178002466B5 /* SCNNode+Highlighted.swift in Sources */,
				D21664132339982200C6D2EE /* RoqlQuery.swift in Sources */,
				D2FB6A9B2269FD2800AAA2E5 /* UIButton+AppEvent.swift in Sources */,
				D2A48BDE216B8CD000A3B9D3 /* ARAnimation.swift in Sources */,
				D2166411233965FF00C6D2EE /* FIleAttachment.swift in Sources */,
				D219899F2348141E009DBC71 /* AppEvents.xcdatamodeld in Sources */,
				D2D254FA22304F02004F70BB /* NotesSplitViewController.swift in Sources */,
				D27918E021B70FBF00171F10 /* ARSensor.swift in Sources */,
				D21DA44B21224B8C00AB9E19 /* ServiceRequestNavigationController.swift in Sources */,
				D2834259212B011C008FEDA4 /* ActivityOverlayViewController.swift in Sources */,
				D24788B121664C4F005C642E /* ARProcedure.swift in Sources */,
				D2C4AD9A214C31F600025B84 /* Answer.swift in Sources */,
				D280DEC322D3D04700449BA9 /* Incident.swift in Sources */,
				D2EA6302217E0FA8002113AC /* ContextImage.swift in Sources */,
				D227380F2163E1DB002466B5 /* UIAlertController+Image.swift in Sources */,
				D2D2550222304F75004F70BB /* CreateNoteViewController.swift in Sources */,
				D25B3ADA234EAFA5002B25F8 /* UIButton+RoundRect.swift in Sources */,
				D28E03F02150AB38002ED340 /* ProceduresView.swift in Sources */,
				D2C4AD98214BFE3500025B84 /* ARNodeContext.swift in Sources */,
				D28FE84421542E8300C407F8 /* String+Capitalization.swift in Sources */,
				D2457D8623400355008EA5B2 /* RemoteIntegrationBrokerProtocol.swift in Sources */,
				D2FB6AA0226A472D00AAA2E5 /* Error+Log.swift in Sources */,
				D2CEBFDF21C4188E00B8730C /* SKScene+Video.swift in Sources */,
				D2F384692239EDD60093CD9C /* IntegrationBroker.swift in Sources */,
				D28866C321CD29CA00828CA4 /* ImagesTableViewCell.swift in Sources */,
				D2D2550A223190C5004F70BB /* NotesDetailsNavigationViewController.swift in Sources */,
				D2BA2A3C20F3C86300EF1739 /* AppDelegate.swift in Sources */,
				D2D2550C2231A6CA004F70BB /* NotesMasterNavigationViewController.swift in Sources */,
				D28B6E96212360E600307891 /* KnowledgebaseViewController.swift in Sources */,
				D21DA4452122488600AB9E19 /* ServiceRequestSplitViewController.swift in Sources */,
				D283425D212B4820008FEDA4 /* ServiceRequestDetailsNavigationViewController.swift in Sources */,
				D2D254FE22304F3C004F70BB /* NotesTableViewController.swift in Sources */,
				D2E6054A21681AAC0045722E /* Float+Radians.swift in Sources */,
				D25B3AD6234E78B5002B25F8 /* FontAwesome.swift in Sources */,
				D2EA4D5422CFA84500920E9F /* ARRecognitionToDeviceMapping.swift in Sources */,
				D25DCF4622D4E6150030DB64 /* ServiceCloudFileAttachment.swift in Sources */,
				D253C38D216F7B7500FDFE70 /* ContextViewControllerProtocol.swift in Sources */,
				D2A3AF4622788A02000A1393 /* HelpViewController.swift in Sources */,
				D2D2550822306D48004F70BB /* ARNodeDetail.swift in Sources */,
				D2D25506223050A6004F70BB /* OverlayPageViewController.swift in Sources */,
				D22B28EA219BA561006BDD34 /* LineChartTableViewCell.swift in Sources */,
				D2A09AF8233417FF00B9ECE0 /* ARDeviceActionMapping.swift in Sources */,
				D22B7FFF212489EF004DFD76 /* OverlayControllerDelegate.swift in Sources */,
				D29266AE2211C05800B4814A /* CXInfinityBroker.swift in Sources */,
				D26A52AB21932ADB00D21B8B /* SCNAction+Animations.swift in Sources */,
				D28866C721CD29F000828CA4 /* NodeImagePageViewOverlayController.swift in Sources */,
				D202208422D4F50100302756 /* Thread.swift in Sources */,
				D218795B21C16C0400737BA2 /* ARPoint.swift in Sources */,
				D2C07AFB228214850049D5F1 /* AppEventSender.swift in Sources */,
				D2C07AF9228214850049D5F1 /* AppEventRecorder.swift in Sources */,
			);
			runOnlyForDeploymentPostprocessing = 0;
		};
		D2F8B329233BB9AA00F6EC7B /* Sources */ = {
			isa = PBXSourcesBuildPhase;
			buildActionMask = 2147483647;
			files = (
				D2F8B338233BB9F400F6EC7B /* OCIBrokerTests.swift in Sources */,
			);
			runOnlyForDeploymentPostprocessing = 0;
		};
/* End PBXSourcesBuildPhase section */

/* Begin PBXTargetDependency section */
		D2F8B333233BB9AA00F6EC7B /* PBXTargetDependency */ = {
			isa = PBXTargetDependency;
			target = D2BA2A3720F3C86300EF1739 /* Augmented CX */;
			targetProxy = D2F8B332233BB9AA00F6EC7B /* PBXContainerItemProxy */;
		};
/* End PBXTargetDependency section */

/* Begin PBXVariantGroup section */
		D2BA2A4120F3C86300EF1739 /* Main.storyboard */ = {
			isa = PBXVariantGroup;
			children = (
				D2BA2A4220F3C86300EF1739 /* Base */,
			);
			name = Main.storyboard;
			sourceTree = "<group>";
		};
		D2BA2A4620F3C86400EF1739 /* LaunchScreen.storyboard */ = {
			isa = PBXVariantGroup;
			children = (
				D2BA2A4720F3C86400EF1739 /* Base */,
			);
			name = LaunchScreen.storyboard;
			sourceTree = "<group>";
		};
/* End PBXVariantGroup section */

/* Begin XCBuildConfiguration section */
		D2BA2A4A20F3C86400EF1739 /* Debug */ = {
			isa = XCBuildConfiguration;
			buildSettings = {
				ALWAYS_SEARCH_USER_PATHS = NO;
				CLANG_ANALYZER_NONNULL = YES;
				CLANG_ANALYZER_NUMBER_OBJECT_CONVERSION = YES_AGGRESSIVE;
				CLANG_CXX_LANGUAGE_STANDARD = "gnu++14";
				CLANG_CXX_LIBRARY = "libc++";
				CLANG_ENABLE_MODULES = YES;
				CLANG_ENABLE_OBJC_ARC = YES;
				CLANG_ENABLE_OBJC_WEAK = YES;
				CLANG_WARN_BLOCK_CAPTURE_AUTORELEASING = YES;
				CLANG_WARN_BOOL_CONVERSION = YES;
				CLANG_WARN_COMMA = YES;
				CLANG_WARN_CONSTANT_CONVERSION = YES;
				CLANG_WARN_DEPRECATED_OBJC_IMPLEMENTATIONS = YES;
				CLANG_WARN_DIRECT_OBJC_ISA_USAGE = YES_ERROR;
				CLANG_WARN_DOCUMENTATION_COMMENTS = YES;
				CLANG_WARN_EMPTY_BODY = YES;
				CLANG_WARN_ENUM_CONVERSION = YES;
				CLANG_WARN_INFINITE_RECURSION = YES;
				CLANG_WARN_INT_CONVERSION = YES;
				CLANG_WARN_NON_LITERAL_NULL_CONVERSION = YES;
				CLANG_WARN_OBJC_IMPLICIT_RETAIN_SELF = YES;
				CLANG_WARN_OBJC_LITERAL_CONVERSION = YES;
				CLANG_WARN_OBJC_ROOT_CLASS = YES_ERROR;
				CLANG_WARN_RANGE_LOOP_ANALYSIS = YES;
				CLANG_WARN_STRICT_PROTOTYPES = YES;
				CLANG_WARN_SUSPICIOUS_MOVE = YES;
				CLANG_WARN_UNGUARDED_AVAILABILITY = YES_AGGRESSIVE;
				CLANG_WARN_UNREACHABLE_CODE = YES;
				CLANG_WARN__DUPLICATE_METHOD_MATCH = YES;
				CODE_SIGN_IDENTITY = "iPhone Developer";
				COPY_PHASE_STRIP = NO;
				DEBUG_INFORMATION_FORMAT = dwarf;
				ENABLE_STRICT_OBJC_MSGSEND = YES;
				ENABLE_TESTABILITY = YES;
				GCC_C_LANGUAGE_STANDARD = gnu11;
				GCC_DYNAMIC_NO_PIC = NO;
				GCC_NO_COMMON_BLOCKS = YES;
				GCC_OPTIMIZATION_LEVEL = 0;
				GCC_PREPROCESSOR_DEFINITIONS = (
					"DEBUG=1",
					"$(inherited)",
				);
				GCC_WARN_64_TO_32_BIT_CONVERSION = YES;
				GCC_WARN_ABOUT_RETURN_TYPE = YES_ERROR;
				GCC_WARN_UNDECLARED_SELECTOR = YES;
				GCC_WARN_UNINITIALIZED_AUTOS = YES_AGGRESSIVE;
				GCC_WARN_UNUSED_FUNCTION = YES;
				GCC_WARN_UNUSED_VARIABLE = YES;
				IPHONEOS_DEPLOYMENT_TARGET = 12.4;
				MTL_ENABLE_DEBUG_INFO = YES;
				ONLY_ACTIVE_ARCH = YES;
				SDKROOT = iphoneos;
				SWIFT_ACTIVE_COMPILATION_CONDITIONS = DEBUG;
				SWIFT_OPTIMIZATION_LEVEL = "-Onone";
			};
			name = Debug;
		};
		D2BA2A4B20F3C86400EF1739 /* Release */ = {
			isa = XCBuildConfiguration;
			buildSettings = {
				ALWAYS_SEARCH_USER_PATHS = NO;
				CLANG_ANALYZER_NONNULL = YES;
				CLANG_ANALYZER_NUMBER_OBJECT_CONVERSION = YES_AGGRESSIVE;
				CLANG_CXX_LANGUAGE_STANDARD = "gnu++14";
				CLANG_CXX_LIBRARY = "libc++";
				CLANG_ENABLE_MODULES = YES;
				CLANG_ENABLE_OBJC_ARC = YES;
				CLANG_ENABLE_OBJC_WEAK = YES;
				CLANG_WARN_BLOCK_CAPTURE_AUTORELEASING = YES;
				CLANG_WARN_BOOL_CONVERSION = YES;
				CLANG_WARN_COMMA = YES;
				CLANG_WARN_CONSTANT_CONVERSION = YES;
				CLANG_WARN_DEPRECATED_OBJC_IMPLEMENTATIONS = YES;
				CLANG_WARN_DIRECT_OBJC_ISA_USAGE = YES_ERROR;
				CLANG_WARN_DOCUMENTATION_COMMENTS = YES;
				CLANG_WARN_EMPTY_BODY = YES;
				CLANG_WARN_ENUM_CONVERSION = YES;
				CLANG_WARN_INFINITE_RECURSION = YES;
				CLANG_WARN_INT_CONVERSION = YES;
				CLANG_WARN_NON_LITERAL_NULL_CONVERSION = YES;
				CLANG_WARN_OBJC_IMPLICIT_RETAIN_SELF = YES;
				CLANG_WARN_OBJC_LITERAL_CONVERSION = YES;
				CLANG_WARN_OBJC_ROOT_CLASS = YES_ERROR;
				CLANG_WARN_RANGE_LOOP_ANALYSIS = YES;
				CLANG_WARN_STRICT_PROTOTYPES = YES;
				CLANG_WARN_SUSPICIOUS_MOVE = YES;
				CLANG_WARN_UNGUARDED_AVAILABILITY = YES_AGGRESSIVE;
				CLANG_WARN_UNREACHABLE_CODE = YES;
				CLANG_WARN__DUPLICATE_METHOD_MATCH = YES;
				CODE_SIGN_IDENTITY = "iPhone Developer";
				COPY_PHASE_STRIP = NO;
				DEBUG_INFORMATION_FORMAT = "dwarf-with-dsym";
				ENABLE_NS_ASSERTIONS = NO;
				ENABLE_STRICT_OBJC_MSGSEND = YES;
				GCC_C_LANGUAGE_STANDARD = gnu11;
				GCC_NO_COMMON_BLOCKS = YES;
				GCC_WARN_64_TO_32_BIT_CONVERSION = YES;
				GCC_WARN_ABOUT_RETURN_TYPE = YES_ERROR;
				GCC_WARN_UNDECLARED_SELECTOR = YES;
				GCC_WARN_UNINITIALIZED_AUTOS = YES_AGGRESSIVE;
				GCC_WARN_UNUSED_FUNCTION = YES;
				GCC_WARN_UNUSED_VARIABLE = YES;
				IPHONEOS_DEPLOYMENT_TARGET = 12.4;
				MTL_ENABLE_DEBUG_INFO = NO;
				SDKROOT = iphoneos;
				SWIFT_COMPILATION_MODE = wholemodule;
				SWIFT_OPTIMIZATION_LEVEL = "-O";
				VALIDATE_PRODUCT = YES;
			};
			name = Release;
		};
		D2BA2A4D20F3C86400EF1739 /* Debug */ = {
			isa = XCBuildConfiguration;
			buildSettings = {
				ASSETCATALOG_COMPILER_APPICON_NAME = AppIcon;
				CODE_SIGN_IDENTITY = "Apple Development";
				CODE_SIGN_STYLE = Automatic;
				CURRENT_PROJECT_VERSION = 0;
				DEFINES_MODULE = YES;
				DEVELOPMENT_TEAM = 5RQT69NLZ4;
				ENABLE_BITCODE = YES;
				FRAMEWORK_SEARCH_PATHS = (
					"$(inherited)",
					"$(PROJECT_DIR)",
					"$(PROJECT_DIR)/Frameworks",
				);
				INFOPLIST_FILE = Application/Info.plist;
				IPHONEOS_DEPLOYMENT_TARGET = 12.4;
				LD_RUNPATH_SEARCH_PATHS = (
					"$(inherited)",
					"@executable_path/Frameworks",
				);
				MARKETING_VERSION = 1.0.0;
				PRODUCT_BUNDLE_IDENTIFIER = "me.harwell.ar-accelerator";
				PRODUCT_NAME = "$(TARGET_NAME)";
				PROVISIONING_PROFILE_SPECIFIER = "";
				SWIFT_ACTIVE_COMPILATION_CONDITIONS = "DEBUGUI DEBUG DEBUGBEACONS";
				SWIFT_OBJC_BRIDGING_HEADER = "";
				SWIFT_VERSION = 5.0;
				TARGETED_DEVICE_FAMILY = "1,2";
			};
			name = Debug;
		};
		D2BA2A4E20F3C86400EF1739 /* Release */ = {
			isa = XCBuildConfiguration;
			buildSettings = {
				ASSETCATALOG_COMPILER_APPICON_NAME = AppIcon;
				CODE_SIGN_IDENTITY = "Apple Development";
				CODE_SIGN_STYLE = Automatic;
				CURRENT_PROJECT_VERSION = 0;
				DEFINES_MODULE = YES;
				DEVELOPMENT_TEAM = 5RQT69NLZ4;
				ENABLE_BITCODE = YES;
				FRAMEWORK_SEARCH_PATHS = (
					"$(inherited)",
					"$(PROJECT_DIR)",
					"$(PROJECT_DIR)/Frameworks",
				);
				INFOPLIST_FILE = Application/Info.plist;
				IPHONEOS_DEPLOYMENT_TARGET = 12.4;
				LD_RUNPATH_SEARCH_PATHS = (
					"$(inherited)",
					"@executable_path/Frameworks",
				);
				MARKETING_VERSION = 1.0.0;
				PRODUCT_BUNDLE_IDENTIFIER = "me.harwell.ar-accelerator";
				PRODUCT_NAME = "$(TARGET_NAME)";
				PROVISIONING_PROFILE_SPECIFIER = "";
				SWIFT_OBJC_BRIDGING_HEADER = "";
				SWIFT_VERSION = 5.0;
				TARGETED_DEVICE_FAMILY = "1,2";
			};
			name = Release;
		};
		D2F8B334233BB9AA00F6EC7B /* Debug */ = {
			isa = XCBuildConfiguration;
			buildSettings = {
				BUNDLE_LOADER = "$(TEST_HOST)";
				CODE_SIGN_STYLE = Automatic;
				DEVELOPMENT_TEAM = 5RQT69NLZ4;
				INFOPLIST_FILE = "Augmented CX Tests/Info.plist";
				IPHONEOS_DEPLOYMENT_TARGET = 13.0;
				LD_RUNPATH_SEARCH_PATHS = (
					"$(inherited)",
					"@executable_path/Frameworks",
					"@loader_path/Frameworks",
				);
				MTL_ENABLE_DEBUG_INFO = INCLUDE_SOURCE;
				MTL_FAST_MATH = YES;
				PRODUCT_BUNDLE_IDENTIFIER = "com.oraclecorp.internal.ent1.cx.ar-demo.Augmented-CX-Tests";
				PRODUCT_NAME = "$(TARGET_NAME)";
				SWIFT_VERSION = 5.0;
				TARGETED_DEVICE_FAMILY = "1,2";
				TEST_HOST = "$(BUILT_PRODUCTS_DIR)/Augmented CX.app/Augmented CX";
			};
			name = Debug;
		};
		D2F8B335233BB9AA00F6EC7B /* Release */ = {
			isa = XCBuildConfiguration;
			buildSettings = {
				BUNDLE_LOADER = "$(TEST_HOST)";
				CODE_SIGN_STYLE = Automatic;
				DEVELOPMENT_TEAM = 5RQT69NLZ4;
				INFOPLIST_FILE = "Augmented CX Tests/Info.plist";
				IPHONEOS_DEPLOYMENT_TARGET = 13.0;
				LD_RUNPATH_SEARCH_PATHS = (
					"$(inherited)",
					"@executable_path/Frameworks",
					"@loader_path/Frameworks",
				);
				MTL_FAST_MATH = YES;
				PRODUCT_BUNDLE_IDENTIFIER = "com.oraclecorp.internal.ent1.cx.ar-demo.Augmented-CX-Tests";
				PRODUCT_NAME = "$(TARGET_NAME)";
				SWIFT_VERSION = 5.0;
				TARGETED_DEVICE_FAMILY = "1,2";
				TEST_HOST = "$(BUILT_PRODUCTS_DIR)/Augmented CX.app/Augmented CX";
			};
			name = Release;
		};
/* End XCBuildConfiguration section */

/* Begin XCConfigurationList section */
		D2BA2A3320F3C86300EF1739 /* Build configuration list for PBXProject "Augmented CX" */ = {
			isa = XCConfigurationList;
			buildConfigurations = (
				D2BA2A4A20F3C86400EF1739 /* Debug */,
				D2BA2A4B20F3C86400EF1739 /* Release */,
			);
			defaultConfigurationIsVisible = 0;
			defaultConfigurationName = Release;
		};
		D2BA2A4C20F3C86400EF1739 /* Build configuration list for PBXNativeTarget "Augmented CX" */ = {
			isa = XCConfigurationList;
			buildConfigurations = (
				D2BA2A4D20F3C86400EF1739 /* Debug */,
				D2BA2A4E20F3C86400EF1739 /* Release */,
			);
			defaultConfigurationIsVisible = 0;
			defaultConfigurationName = Release;
		};
		D2F8B336233BB9AA00F6EC7B /* Build configuration list for PBXNativeTarget "Augmented CX Tests" */ = {
			isa = XCConfigurationList;
			buildConfigurations = (
				D2F8B334233BB9AA00F6EC7B /* Debug */,
				D2F8B335233BB9AA00F6EC7B /* Release */,
			);
			defaultConfigurationIsVisible = 0;
			defaultConfigurationName = Release;
		};
/* End XCConfigurationList section */

/* Begin XCRemoteSwiftPackageReference section */
		D258241C2356581600C436FB /* XCRemoteSwiftPackageReference "XMLParsing" */ = {
			isa = XCRemoteSwiftPackageReference;
			repositoryURL = "https://github.com/ShawnMoore/XMLParsing.git";
			requirement = {
				kind = upToNextMajorVersion;
				minimumVersion = 0.0.3;
			};
		};
		D2EC6948235670540002221C /* XCRemoteSwiftPackageReference "SwiftOciRequestSigner" */ = {
			isa = XCRemoteSwiftPackageReference;
			repositoryURL = "https://github.com/scottharwell/SwiftOciRequestSigner.git";
			requirement = {
				kind = upToNextMajorVersion;
				minimumVersion = 1.0.2;
			};
		};
		D2EC694B235670810002221C /* XCRemoteSwiftPackageReference "Charts" */ = {
			isa = XCRemoteSwiftPackageReference;
			repositoryURL = "https://github.com/danielgindi/Charts.git";
			requirement = {
				kind = upToNextMajorVersion;
				minimumVersion = 3.4.0;
			};
		};
/* End XCRemoteSwiftPackageReference section */

/* Begin XCSwiftPackageProductDependency section */
		D258241D2356581600C436FB /* XMLParsing */ = {
			isa = XCSwiftPackageProductDependency;
			package = D258241C2356581600C436FB /* XCRemoteSwiftPackageReference "XMLParsing" */;
			productName = XMLParsing;
		};
		D2EC6949235670540002221C /* OciRequestSigner */ = {
			isa = XCSwiftPackageProductDependency;
			package = D2EC6948235670540002221C /* XCRemoteSwiftPackageReference "SwiftOciRequestSigner" */;
			productName = OciRequestSigner;
		};
		D2EC694C235670810002221C /* Charts */ = {
			isa = XCSwiftPackageProductDependency;
			package = D2EC694B235670810002221C /* XCRemoteSwiftPackageReference "Charts" */;
			productName = Charts;
		};
/* End XCSwiftPackageProductDependency section */

/* Begin XCVersionGroup section */
		D2C07AF6228214850049D5F1 /* AppEvents.xcdatamodeld */ = {
			isa = XCVersionGroup;
			children = (
				D2C07AF7228214850049D5F1 /* AppEvents.xcdatamodel */,
			);
			currentVersion = D2C07AF7228214850049D5F1 /* AppEvents.xcdatamodel */;
			path = AppEvents.xcdatamodeld;
			sourceTree = "<group>";
			versionGroupType = wrapper.xcdatamodel;
		};
/* End XCVersionGroup section */
	};
	rootObject = D2BA2A3020F3C86300EF1739 /* Project object */;
}
